// !$*UTF8*$!
{
	archiveVersion = 1;
	classes = {
	};
	objectVersion = 50;
	objects = {

/* Begin PBXBuildFile section */
		7A7E448F22151DE600EFC8E4 /* AppDelegate.swift in Sources */ = {isa = PBXBuildFile; fileRef = 7A7E448E22151DE600EFC8E4 /* AppDelegate.swift */; };
		7A7E449122151DE600EFC8E4 /* ViewController.swift in Sources */ = {isa = PBXBuildFile; fileRef = 7A7E449022151DE600EFC8E4 /* ViewController.swift */; };
		7A7E449422151DE600EFC8E4 /* Main.storyboard in Resources */ = {isa = PBXBuildFile; fileRef = 7A7E449222151DE600EFC8E4 /* Main.storyboard */; };
		7A7E449622151DE700EFC8E4 /* Assets.xcassets in Resources */ = {isa = PBXBuildFile; fileRef = 7A7E449522151DE700EFC8E4 /* Assets.xcassets */; };
		7A7E449922151DE700EFC8E4 /* LaunchScreen.storyboard in Resources */ = {isa = PBXBuildFile; fileRef = 7A7E449722151DE700EFC8E4 /* LaunchScreen.storyboard */; };
		7A7E44A422151DE700EFC8E4 /* True_False_Test_TutorialTests.swift in Sources */ = {isa = PBXBuildFile; fileRef = 7A7E44A322151DE700EFC8E4 /* True_False_Test_TutorialTests.swift */; };
		7A7E44AF22151DE700EFC8E4 /* True_False_Test_TutorialUITests.swift in Sources */ = {isa = PBXBuildFile; fileRef = 7A7E44AE22151DE700EFC8E4 /* True_False_Test_TutorialUITests.swift */; };
/* End PBXBuildFile section */

/* Begin PBXContainerItemProxy section */
		7A7E44A022151DE700EFC8E4 /* PBXContainerItemProxy */ = {
			isa = PBXContainerItemProxy;
			containerPortal = 7A7E448322151DE600EFC8E4 /* Project object */;
			proxyType = 1;
			remoteGlobalIDString = 7A7E448A22151DE600EFC8E4;
			remoteInfo = "True False Test Tutorial";
		};
		7A7E44AB22151DE700EFC8E4 /* PBXContainerItemProxy */ = {
			isa = PBXContainerItemProxy;
			containerPortal = 7A7E448322151DE600EFC8E4 /* Project object */;
			proxyType = 1;
			remoteGlobalIDString = 7A7E448A22151DE600EFC8E4;
			remoteInfo = "True False Test Tutorial";
		};
/* End PBXContainerItemProxy section */

/* Begin PBXFileReference section */
		7A7E448B22151DE600EFC8E4 /* True False Test Tutorial.app */ = {isa = PBXFileReference; explicitFileType = wrapper.application; includeInIndex = 0; path = "True False Test Tutorial.app"; sourceTree = BUILT_PRODUCTS_DIR; };
		7A7E448E22151DE600EFC8E4 /* AppDelegate.swift */ = {isa = PBXFileReference; lastKnownFileType = sourcecode.swift; path = AppDelegate.swift; sourceTree = "<group>"; };
		7A7E449022151DE600EFC8E4 /* ViewController.swift */ = {isa = PBXFileReference; lastKnownFileType = sourcecode.swift; path = ViewController.swift; sourceTree = "<group>"; };
		7A7E449322151DE600EFC8E4 /* Base */ = {isa = PBXFileReference; lastKnownFileType = file.storyboard; name = Base; path = Base.lproj/Main.storyboard; sourceTree = "<group>"; };
		7A7E449522151DE700EFC8E4 /* Assets.xcassets */ = {isa = PBXFileReference; lastKnownFileType = folder.assetcatalog; path = Assets.xcassets; sourceTree = "<group>"; };
		7A7E449822151DE700EFC8E4 /* Base */ = {isa = PBXFileReference; lastKnownFileType = file.storyboard; name = Base; path = Base.lproj/LaunchScreen.storyboard; sourceTree = "<group>"; };
		7A7E449A22151DE700EFC8E4 /* Info.plist */ = {isa = PBXFileReference; lastKnownFileType = text.plist.xml; path = Info.plist; sourceTree = "<group>"; };
		7A7E449F22151DE700EFC8E4 /* True False Test TutorialTests.xctest */ = {isa = PBXFileReference; explicitFileType = wrapper.cfbundle; includeInIndex = 0; path = "True False Test TutorialTests.xctest"; sourceTree = BUILT_PRODUCTS_DIR; };
		7A7E44A322151DE700EFC8E4 /* True_False_Test_TutorialTests.swift */ = {isa = PBXFileReference; lastKnownFileType = sourcecode.swift; path = True_False_Test_TutorialTests.swift; sourceTree = "<group>"; };
		7A7E44A522151DE700EFC8E4 /* Info.plist */ = {isa = PBXFileReference; lastKnownFileType = text.plist.xml; path = Info.plist; sourceTree = "<group>"; };
		7A7E44AA22151DE700EFC8E4 /* True False Test TutorialUITests.xctest */ = {isa = PBXFileReference; explicitFileType = wrapper.cfbundle; includeInIndex = 0; path = "True False Test TutorialUITests.xctest"; sourceTree = BUILT_PRODUCTS_DIR; };
		7A7E44AE22151DE700EFC8E4 /* True_False_Test_TutorialUITests.swift */ = {isa = PBXFileReference; lastKnownFileType = sourcecode.swift; path = True_False_Test_TutorialUITests.swift; sourceTree = "<group>"; };
		7A7E44B022151DE700EFC8E4 /* Info.plist */ = {isa = PBXFileReference; lastKnownFileType = text.plist.xml; path = Info.plist; sourceTree = "<group>"; };
/* End PBXFileReference section */

/* Begin PBXFrameworksBuildPhase section */
		7A7E448822151DE600EFC8E4 /* Frameworks */ = {
			isa = PBXFrameworksBuildPhase;
			buildActionMask = 2147483647;
			files = (
			);
			runOnlyForDeploymentPostprocessing = 0;
		};
		7A7E449C22151DE700EFC8E4 /* Frameworks */ = {
			isa = PBXFrameworksBuildPhase;
			buildActionMask = 2147483647;
			files = (
			);
			runOnlyForDeploymentPostprocessing = 0;
		};
		7A7E44A722151DE700EFC8E4 /* Frameworks */ = {
			isa = PBXFrameworksBuildPhase;
			buildActionMask = 2147483647;
			files = (
			);
			runOnlyForDeploymentPostprocessing = 0;
		};
/* End PBXFrameworksBuildPhase section */

/* Begin PBXGroup section */
		7A7E448222151DE600EFC8E4 = {
			isa = PBXGroup;
			children = (
				7A7E448D22151DE600EFC8E4 /* True False Test Tutorial */,
				7A7E44A222151DE700EFC8E4 /* True False Test TutorialTests */,
				7A7E44AD22151DE700EFC8E4 /* True False Test TutorialUITests */,
				7A7E448C22151DE600EFC8E4 /* Products */,
			);
			sourceTree = "<group>";
		};
		7A7E448C22151DE600EFC8E4 /* Products */ = {
			isa = PBXGroup;
			children = (
				7A7E448B22151DE600EFC8E4 /* True False Test Tutorial.app */,
				7A7E449F22151DE700EFC8E4 /* True False Test TutorialTests.xctest */,
				7A7E44AA22151DE700EFC8E4 /* True False Test TutorialUITests.xctest */,
			);
			name = Products;
			sourceTree = "<group>";
		};
		7A7E448D22151DE600EFC8E4 /* True False Test Tutorial */ = {
			isa = PBXGroup;
			children = (
				7A7E448E22151DE600EFC8E4 /* AppDelegate.swift */,
				7A7E449022151DE600EFC8E4 /* ViewController.swift */,
				7A7E449222151DE600EFC8E4 /* Main.storyboard */,
				7A7E449522151DE700EFC8E4 /* Assets.xcassets */,
				7A7E449722151DE700EFC8E4 /* LaunchScreen.storyboard */,
				7A7E449A22151DE700EFC8E4 /* Info.plist */,
			);
			path = "True False Test Tutorial";
			sourceTree = "<group>";
		};
		7A7E44A222151DE700EFC8E4 /* True False Test TutorialTests */ = {
			isa = PBXGroup;
			children = (
				7A7E44A322151DE700EFC8E4 /* True_False_Test_TutorialTests.swift */,
				7A7E44A522151DE700EFC8E4 /* Info.plist */,
			);
			path = "True False Test TutorialTests";
			sourceTree = "<group>";
		};
		7A7E44AD22151DE700EFC8E4 /* True False Test TutorialUITests */ = {
			isa = PBXGroup;
			children = (
				7A7E44AE22151DE700EFC8E4 /* True_False_Test_TutorialUITests.swift */,
				7A7E44B022151DE700EFC8E4 /* Info.plist */,
			);
			path = "True False Test TutorialUITests";
			sourceTree = "<group>";
		};
/* End PBXGroup section */

/* Begin PBXNativeTarget section */
		7A7E448A22151DE600EFC8E4 /* True False Test Tutorial */ = {
			isa = PBXNativeTarget;
			buildConfigurationList = 7A7E44B322151DE700EFC8E4 /* Build configuration list for PBXNativeTarget "True False Test Tutorial" */;
			buildPhases = (
				7A7E448722151DE600EFC8E4 /* Sources */,
				7A7E448822151DE600EFC8E4 /* Frameworks */,
				7A7E448922151DE600EFC8E4 /* Resources */,
			);
			buildRules = (
			);
			dependencies = (
			);
			name = "True False Test Tutorial";
			productName = "True False Test Tutorial";
			productReference = 7A7E448B22151DE600EFC8E4 /* True False Test Tutorial.app */;
			productType = "com.apple.product-type.application";
		};
		7A7E449E22151DE700EFC8E4 /* True False Test TutorialTests */ = {
			isa = PBXNativeTarget;
			buildConfigurationList = 7A7E44B622151DE700EFC8E4 /* Build configuration list for PBXNativeTarget "True False Test TutorialTests" */;
			buildPhases = (
				7A7E449B22151DE700EFC8E4 /* Sources */,
				7A7E449C22151DE700EFC8E4 /* Frameworks */,
				7A7E449D22151DE700EFC8E4 /* Resources */,
			);
			buildRules = (
			);
			dependencies = (
				7A7E44A122151DE700EFC8E4 /* PBXTargetDependency */,
			);
			name = "True False Test TutorialTests";
			productName = "True False Test TutorialTests";
			productReference = 7A7E449F22151DE700EFC8E4 /* True False Test TutorialTests.xctest */;
			productType = "com.apple.product-type.bundle.unit-test";
		};
		7A7E44A922151DE700EFC8E4 /* True False Test TutorialUITests */ = {
			isa = PBXNativeTarget;
			buildConfigurationList = 7A7E44B922151DE700EFC8E4 /* Build configuration list for PBXNativeTarget "True False Test TutorialUITests" */;
			buildPhases = (
				7A7E44A622151DE700EFC8E4 /* Sources */,
				7A7E44A722151DE700EFC8E4 /* Frameworks */,
				7A7E44A822151DE700EFC8E4 /* Resources */,
			);
			buildRules = (
			);
			dependencies = (
				7A7E44AC22151DE700EFC8E4 /* PBXTargetDependency */,
			);
			name = "True False Test TutorialUITests";
			productName = "True False Test TutorialUITests";
			productReference = 7A7E44AA22151DE700EFC8E4 /* True False Test TutorialUITests.xctest */;
			productType = "com.apple.product-type.bundle.ui-testing";
		};
/* End PBXNativeTarget section */

/* Begin PBXProject section */
		7A7E448322151DE600EFC8E4 /* Project object */ = {
			isa = PBXProject;
			attributes = {
				LastSwiftUpdateCheck = 1010;
				LastUpgradeCheck = 1010;
				ORGANIZATIONNAME = "Julie Berry";
				TargetAttributes = {
					7A7E448A22151DE600EFC8E4 = {
						CreatedOnToolsVersion = 10.1;
					};
					7A7E449E22151DE700EFC8E4 = {
						CreatedOnToolsVersion = 10.1;
						TestTargetID = 7A7E448A22151DE600EFC8E4;
					};
					7A7E44A922151DE700EFC8E4 = {
						CreatedOnToolsVersion = 10.1;
						TestTargetID = 7A7E448A22151DE600EFC8E4;
					};
				};
			};
			buildConfigurationList = 7A7E448622151DE600EFC8E4 /* Build configuration list for PBXProject "True False Test Tutorial" */;
			compatibilityVersion = "Xcode 9.3";
			developmentRegion = en;
			hasScannedForEncodings = 0;
			knownRegions = (
				en,
				Base,
			);
			mainGroup = 7A7E448222151DE600EFC8E4;
			productRefGroup = 7A7E448C22151DE600EFC8E4 /* Products */;
			projectDirPath = "";
			projectRoot = "";
			targets = (
				7A7E448A22151DE600EFC8E4 /* True False Test Tutorial */,
				7A7E449E22151DE700EFC8E4 /* True False Test TutorialTests */,
				7A7E44A922151DE700EFC8E4 /* True False Test TutorialUITests */,
			);
		};
/* End PBXProject section */

/* Begin PBXResourcesBuildPhase section */
		7A7E448922151DE600EFC8E4 /* Resources */ = {
			isa = PBXResourcesBuildPhase;
			buildActionMask = 2147483647;
			files = (
				7A7E449922151DE700EFC8E4 /* LaunchScreen.storyboard in Resources */,
				7A7E449622151DE700EFC8E4 /* Assets.xcassets in Resources */,
				7A7E449422151DE600EFC8E4 /* Main.storyboard in Resources */,
			);
			runOnlyForDeploymentPostprocessing = 0;
		};
		7A7E449D22151DE700EFC8E4 /* Resources */ = {
			isa = PBXResourcesBuildPhase;
			buildActionMask = 2147483647;
			files = (
			);
			runOnlyForDeploymentPostprocessing = 0;
		};
		7A7E44A822151DE700EFC8E4 /* Resources */ = {
			isa = PBXResourcesBuildPhase;
			buildActionMask = 2147483647;
			files = (
			);
			runOnlyForDeploymentPostprocessing = 0;
		};
/* End PBXResourcesBuildPhase section */

/* Begin PBXSourcesBuildPhase section */
		7A7E448722151DE600EFC8E4 /* Sources */ = {
			isa = PBXSourcesBuildPhase;
			buildActionMask = 2147483647;
			files = (
				7A7E449122151DE600EFC8E4 /* ViewController.swift in Sources */,
				7A7E448F22151DE600EFC8E4 /* AppDelegate.swift in Sources */,
			);
			runOnlyForDeploymentPostprocessing = 0;
		};
		7A7E449B22151DE700EFC8E4 /* Sources */ = {
			isa = PBXSourcesBuildPhase;
			buildActionMask = 2147483647;
			files = (
				7A7E44A422151DE700EFC8E4 /* True_False_Test_TutorialTests.swift in Sources */,
			);
			runOnlyForDeploymentPostprocessing = 0;
		};
		7A7E44A622151DE700EFC8E4 /* Sources */ = {
			isa = PBXSourcesBuildPhase;
			buildActionMask = 2147483647;
			files = (
				7A7E44AF22151DE700EFC8E4 /* True_False_Test_TutorialUITests.swift in Sources */,
			);
			runOnlyForDeploymentPostprocessing = 0;
		};
/* End PBXSourcesBuildPhase section */

/* Begin PBXTargetDependency section */
		7A7E44A122151DE700EFC8E4 /* PBXTargetDependency */ = {
			isa = PBXTargetDependency;
			target = 7A7E448A22151DE600EFC8E4 /* True False Test Tutorial */;
			targetProxy = 7A7E44A022151DE700EFC8E4 /* PBXContainerItemProxy */;
		};
		7A7E44AC22151DE700EFC8E4 /* PBXTargetDependency */ = {
			isa = PBXTargetDependency;
			target = 7A7E448A22151DE600EFC8E4 /* True False Test Tutorial */;
			targetProxy = 7A7E44AB22151DE700EFC8E4 /* PBXContainerItemProxy */;
		};
/* End PBXTargetDependency section */

/* Begin PBXVariantGroup section */
		7A7E449222151DE600EFC8E4 /* Main.storyboard */ = {
			isa = PBXVariantGroup;
			children = (
				7A7E449322151DE600EFC8E4 /* Base */,
			);
			name = Main.storyboard;
			sourceTree = "<group>";
		};
		7A7E449722151DE700EFC8E4 /* LaunchScreen.storyboard */ = {
			isa = PBXVariantGroup;
			children = (
				7A7E449822151DE700EFC8E4 /* Base */,
			);
			name = LaunchScreen.storyboard;
			sourceTree = "<group>";
		};
/* End PBXVariantGroup section */

/* Begin XCBuildConfiguration section */
		7A7E44B122151DE700EFC8E4 /* Debug */ = {
			isa = XCBuildConfiguration;
			buildSettings = {
				ALWAYS_SEARCH_USER_PATHS = NO;
				CLANG_ANALYZER_NONNULL = YES;
				CLANG_ANALYZER_NUMBER_OBJECT_CONVERSION = YES_AGGRESSIVE;
				CLANG_CXX_LANGUAGE_STANDARD = "gnu++14";
				CLANG_CXX_LIBRARY = "libc++";
				CLANG_ENABLE_MODULES = YES;
				CLANG_ENABLE_OBJC_ARC = YES;
				CLANG_ENABLE_OBJC_WEAK = YES;
				CLANG_WARN_BLOCK_CAPTURE_AUTORELEASING = YES;
				CLANG_WARN_BOOL_CONVERSION = YES;
				CLANG_WARN_COMMA = YES;
				CLANG_WARN_CONSTANT_CONVERSION = YES;
				CLANG_WARN_DEPRECATED_OBJC_IMPLEMENTATIONS = YES;
				CLANG_WARN_DIRECT_OBJC_ISA_USAGE = YES_ERROR;
				CLANG_WARN_DOCUMENTATION_COMMENTS = YES;
				CLANG_WARN_EMPTY_BODY = YES;
				CLANG_WARN_ENUM_CONVERSION = YES;
				CLANG_WARN_INFINITE_RECURSION = YES;
				CLANG_WARN_INT_CONVERSION = YES;
				CLANG_WARN_NON_LITERAL_NULL_CONVERSION = YES;
				CLANG_WARN_OBJC_IMPLICIT_RETAIN_SELF = YES;
				CLANG_WARN_OBJC_LITERAL_CONVERSION = YES;
				CLANG_WARN_OBJC_ROOT_CLASS = YES_ERROR;
				CLANG_WARN_RANGE_LOOP_ANALYSIS = YES;
				CLANG_WARN_STRICT_PROTOTYPES = YES;
				CLANG_WARN_SUSPICIOUS_MOVE = YES;
				CLANG_WARN_UNGUARDED_AVAILABILITY = YES_AGGRESSIVE;
				CLANG_WARN_UNREACHABLE_CODE = YES;
				CLANG_WARN__DUPLICATE_METHOD_MATCH = YES;
				CODE_SIGN_IDENTITY = "iPhone Developer";
				COPY_PHASE_STRIP = NO;
				DEBUG_INFORMATION_FORMAT = dwarf;
				ENABLE_STRICT_OBJC_MSGSEND = YES;
				ENABLE_TESTABILITY = YES;
				GCC_C_LANGUAGE_STANDARD = gnu11;
				GCC_DYNAMIC_NO_PIC = NO;
				GCC_NO_COMMON_BLOCKS = YES;
				GCC_OPTIMIZATION_LEVEL = 0;
				GCC_PREPROCESSOR_DEFINITIONS = (
					"DEBUG=1",
					"$(inherited)",
				);
				GCC_WARN_64_TO_32_BIT_CONVERSION = YES;
				GCC_WARN_ABOUT_RETURN_TYPE = YES_ERROR;
				GCC_WARN_UNDECLARED_SELECTOR = YES;
				GCC_WARN_UNINITIALIZED_AUTOS = YES_AGGRESSIVE;
				GCC_WARN_UNUSED_FUNCTION = YES;
				GCC_WARN_UNUSED_VARIABLE = YES;
				IPHONEOS_DEPLOYMENT_TARGET = 12.1;
				MTL_ENABLE_DEBUG_INFO = INCLUDE_SOURCE;
				MTL_FAST_MATH = YES;
				ONLY_ACTIVE_ARCH = YES;
				SDKROOT = iphoneos;
				SWIFT_ACTIVE_COMPILATION_CONDITIONS = DEBUG;
				SWIFT_OPTIMIZATION_LEVEL = "-Onone";
			};
			name = Debug;
		};
		7A7E44B222151DE700EFC8E4 /* Release */ = {
			isa = XCBuildConfiguration;
			buildSettings = {
				ALWAYS_SEARCH_USER_PATHS = NO;
				CLANG_ANALYZER_NONNULL = YES;
				CLANG_ANALYZER_NUMBER_OBJECT_CONVERSION = YES_AGGRESSIVE;
				CLANG_CXX_LANGUAGE_STANDARD = "gnu++14";
				CLANG_CXX_LIBRARY = "libc++";
				CLANG_ENABLE_MODULES = YES;
				CLANG_ENABLE_OBJC_ARC = YES;
				CLANG_ENABLE_OBJC_WEAK = YES;
				CLANG_WARN_BLOCK_CAPTURE_AUTORELEASING = YES;
				CLANG_WARN_BOOL_CONVERSION = YES;
				CLANG_WARN_COMMA = YES;
				CLANG_WARN_CONSTANT_CONVERSION = YES;
				CLANG_WARN_DEPRECATED_OBJC_IMPLEMENTATIONS = YES;
				CLANG_WARN_DIRECT_OBJC_ISA_USAGE = YES_ERROR;
				CLANG_WARN_DOCUMENTATION_COMMENTS = YES;
				CLANG_WARN_EMPTY_BODY = YES;
				CLANG_WARN_ENUM_CONVERSION = YES;
				CLANG_WARN_INFINITE_RECURSION = YES;
				CLANG_WARN_INT_CONVERSION = YES;
				CLANG_WARN_NON_LITERAL_NULL_CONVERSION = YES;
				CLANG_WARN_OBJC_IMPLICIT_RETAIN_SELF = YES;
				CLANG_WARN_OBJC_LITERAL_CONVERSION = YES;
				CLANG_WARN_OBJC_ROOT_CLASS = YES_ERROR;
				CLANG_WARN_RANGE_LOOP_ANALYSIS = YES;
				CLANG_WARN_STRICT_PROTOTYPES = YES;
				CLANG_WARN_SUSPICIOUS_MOVE = YES;
				CLANG_WARN_UNGUARDED_AVAILABILITY = YES_AGGRESSIVE;
				CLANG_WARN_UNREACHABLE_CODE = YES;
				CLANG_WARN__DUPLICATE_METHOD_MATCH = YES;
				CODE_SIGN_IDENTITY = "iPhone Developer";
				COPY_PHASE_STRIP = NO;
				DEBUG_INFORMATION_FORMAT = "dwarf-with-dsym";
				ENABLE_NS_ASSERTIONS = NO;
				ENABLE_STRICT_OBJC_MSGSEND = YES;
				GCC_C_LANGUAGE_STANDARD = gnu11;
				GCC_NO_COMMON_BLOCKS = YES;
				GCC_WARN_64_TO_32_BIT_CONVERSION = YES;
				GCC_WARN_ABOUT_RETURN_TYPE = YES_ERROR;
				GCC_WARN_UNDECLARED_SELECTOR = YES;
				GCC_WARN_UNINITIALIZED_AUTOS = YES_AGGRESSIVE;
				GCC_WARN_UNUSED_FUNCTION = YES;
				GCC_WARN_UNUSED_VARIABLE = YES;
				IPHONEOS_DEPLOYMENT_TARGET = 12.1;
				MTL_ENABLE_DEBUG_INFO = NO;
				MTL_FAST_MATH = YES;
				SDKROOT = iphoneos;
				SWIFT_COMPILATION_MODE = wholemodule;
				SWIFT_OPTIMIZATION_LEVEL = "-O";
				VALIDATE_PRODUCT = YES;
			};
			name = Release;
		};
		7A7E44B422151DE700EFC8E4 /* Debug */ = {
			isa = XCBuildConfiguration;
			buildSettings = {
				ASSETCATALOG_COMPILER_APPICON_NAME = AppIcon;
				CODE_SIGN_STYLE = Automatic;
				DEVELOPMENT_TEAM = U69AM3G85G;
				INFOPLIST_FILE = "True False Test Tutorial/Info.plist";
				LD_RUNPATH_SEARCH_PATHS = (
					"$(inherited)",
					"@executable_path/Frameworks",
				);
				PRODUCT_BUNDLE_IDENTIFIER = "com.jberry.Tip-Calculator-Tutorial.True-False-Test-Tutorial";
				PRODUCT_NAME = "$(TARGET_NAME)";
				SWIFT_VERSION = 4.2;
				TARGETED_DEVICE_FAMILY = "1,2";
			};
			name = Debug;
		};
		7A7E44B522151DE700EFC8E4 /* Release */ = {
			isa = XCBuildConfiguration;
			buildSettings = {
				ASSETCATALOG_COMPILER_APPICON_NAME = AppIcon;
				CODE_SIGN_STYLE = Automatic;
				DEVELOPMENT_TEAM = U69AM3G85G;
				INFOPLIST_FILE = "True False Test Tutorial/Info.plist";
				LD_RUNPATH_SEARCH_PATHS = (
					"$(inherited)",
					"@executable_path/Frameworks",
				);
				PRODUCT_BUNDLE_IDENTIFIER = "com.jberry.Tip-Calculator-Tutorial.True-False-Test-Tutorial";
				PRODUCT_NAME = "$(TARGET_NAME)";
				SWIFT_VERSION = 4.2;
				TARGETED_DEVICE_FAMILY = "1,2";
			};
			name = Release;
		};
		7A7E44B722151DE700EFC8E4 /* Debug */ = {
			isa = XCBuildConfiguration;
			buildSettings = {
				ALWAYS_EMBED_SWIFT_STANDARD_LIBRARIES = YES;
				BUNDLE_LOADER = "$(TEST_HOST)";
				CODE_SIGN_STYLE = Automatic;
				DEVELOPMENT_TEAM = 36H4X297UC;
				INFOPLIST_FILE = "True False Test TutorialTests/Info.plist";
				LD_RUNPATH_SEARCH_PATHS = (
					"$(inherited)",
					"@executable_path/Frameworks",
					"@loader_path/Frameworks",
				);
				PRODUCT_BUNDLE_IDENTIFIER = "com.jberry.Tip-Calculator-Tutorial.True-False-Test-TutorialTests";
				PRODUCT_NAME = "$(TARGET_NAME)";
				SWIFT_VERSION = 4.2;
				TARGETED_DEVICE_FAMILY = "1,2";
				TEST_HOST = "$(BUILT_PRODUCTS_DIR)/True False Test Tutorial.app/True False Test Tutorial";
			};
			name = Debug;
		};
		7A7E44B822151DE700EFC8E4 /* Release */ = {
			isa = XCBuildConfiguration;
			buildSettings = {
				ALWAYS_EMBED_SWIFT_STANDARD_LIBRARIES = YES;
				BUNDLE_LOADER = "$(TEST_HOST)";
				CODE_SIGN_STYLE = Automatic;
				DEVELOPMENT_TEAM = 36H4X297UC;
				INFOPLIST_FILE = "True False Test TutorialTests/Info.plist";
				LD_RUNPATH_SEARCH_PATHS = (
					"$(inherited)",
					"@executable_path/Frameworks",
					"@loader_path/Frameworks",
				);
				PRODUCT_BUNDLE_IDENTIFIER = "com.jberry.Tip-Calculator-Tutorial.True-False-Test-TutorialTests";
				PRODUCT_NAME = "$(TARGET_NAME)";
				SWIFT_VERSION = 4.2;
				TARGETED_DEVICE_FAMILY = "1,2";
				TEST_HOST = "$(BUILT_PRODUCTS_DIR)/True False Test Tutorial.app/True False Test Tutorial";
			};
			name = Release;
		};
		7A7E44BA22151DE700EFC8E4 /* Debug */ = {
			isa = XCBuildConfiguration;
			buildSettings = {
				ALWAYS_EMBED_SWIFT_STANDARD_LIBRARIES = YES;
				CODE_SIGN_STYLE = Automatic;
				DEVELOPMENT_TEAM = 36H4X297UC;
				INFOPLIST_FILE = "True False Test TutorialUITests/Info.plist";
				LD_RUNPATH_SEARCH_PATHS = (
					"$(inherited)",
					"@executable_path/Frameworks",
					"@loader_path/Frameworks",
				);
				PRODUCT_BUNDLE_IDENTIFIER = "com.jberry.Tip-Calculator-Tutorial.True-False-Test-TutorialUITests";
				PRODUCT_NAME = "$(TARGET_NAME)";
				SWIFT_VERSION = 4.2;
				TARGETED_DEVICE_FAMILY = "1,2";
				TEST_TARGET_NAME = "True False Test Tutorial";
			};
			name = Debug;
		};
		7A7E44BB22151DE700EFC8E4 /* Release */ = {
			isa = XCBuildConfiguration;
			buildSettings = {
				ALWAYS_EMBED_SWIFT_STANDARD_LIBRARIES = YES;
				CODE_SIGN_STYLE = Automatic;
				DEVELOPMENT_TEAM = 36H4X297UC;
				INFOPLIST_FILE = "True False Test TutorialUITests/Info.plist";
				LD_RUNPATH_SEARCH_PATHS = (
					"$(inherited)",
					"@executable_path/Frameworks",
					"@loader_path/Frameworks",
				);
				PRODUCT_BUNDLE_IDENTIFIER = "com.jberry.Tip-Calculator-Tutorial.True-False-Test-TutorialUITests";
				PRODUCT_NAME = "$(TARGET_NAME)";
				SWIFT_VERSION = 4.2;
				TARGETED_DEVICE_FAMILY = "1,2";
				TEST_TARGET_NAME = "True False Test Tutorial";
			};
			name = Release;
		};
/* End XCBuildConfiguration section */

/* Begin XCConfigurationList section */
		7A7E448622151DE600EFC8E4 /* Build configuration list for PBXProject "True False Test Tutorial" */ = {
			isa = XCConfigurationList;
			buildConfigurations = (
				7A7E44B122151DE700EFC8E4 /* Debug */,
				7A7E44B222151DE700EFC8E4 /* Release */,
			);
			defaultConfigurationIsVisible = 0;
			defaultConfigurationName = Release;
		};
		7A7E44B322151DE700EFC8E4 /* Build configuration list for PBXNativeTarget "True False Test Tutorial" */ = {
			isa = XCConfigurationList;
			buildConfigurations = (
				7A7E44B422151DE700EFC8E4 /* Debug */,
				7A7E44B522151DE700EFC8E4 /* Release */,
			);
			defaultConfigurationIsVisible = 0;
			defaultConfigurationName = Release;
		};
		7A7E44B622151DE700EFC8E4 /* Build configuration list for PBXNativeTarget "True False Test TutorialTests" */ = {
			isa = XCConfigurationList;
			buildConfigurations = (
				7A7E44B722151DE700EFC8E4 /* Debug */,
				7A7E44B822151DE700EFC8E4 /* Release */,
			);
			defaultConfigurationIsVisible = 0;
			defaultConfigurationName = Release;
		};
		7A7E44B922151DE700EFC8E4 /* Build configuration list for PBXNativeTarget "True False Test TutorialUITests" */ = {
			isa = XCConfigurationList;
			buildConfigurations = (
				7A7E44BA22151DE700EFC8E4 /* Debug */,
				7A7E44BB22151DE700EFC8E4 /* Release */,
			);
			defaultConfigurationIsVisible = 0;
			defaultConfigurationName = Release;
		};
/* End XCConfigurationList section */
	};
	rootObject = 7A7E448322151DE600EFC8E4 /* Project object */;
}
