// !$*UTF8*$!
{
	archiveVersion = 1;
	classes = {
	};
	objectVersion = 50;
	objects = {

/* Begin PBXBuildFile section */
		7A33C814223F20630052D01C /* AppDelegate.swift in Sources */ = {isa = PBXBuildFile; fileRef = 7A33C813223F20630052D01C /* AppDelegate.swift */; };
		7A33C816223F20630052D01C /* ViewController.swift in Sources */ = {isa = PBXBuildFile; fileRef = 7A33C815223F20630052D01C /* ViewController.swift */; };
		7A33C819223F20630052D01C /* Main.storyboard in Resources */ = {isa = PBXBuildFile; fileRef = 7A33C817223F20630052D01C /* Main.storyboard */; };
		7A33C81B223F20640052D01C /* Assets.xcassets in Resources */ = {isa = PBXBuildFile; fileRef = 7A33C81A223F20640052D01C /* Assets.xcassets */; };
		7A33C81E223F20640052D01C /* LaunchScreen.storyboard in Resources */ = {isa = PBXBuildFile; fileRef = 7A33C81C223F20640052D01C /* LaunchScreen.storyboard */; };
		7A33C829223F20640052D01C /* Simple_Algebra_Test_TutorialTests.swift in Sources */ = {isa = PBXBuildFile; fileRef = 7A33C828223F20640052D01C /* Simple_Algebra_Test_TutorialTests.swift */; };
		7A33C834223F20640052D01C /* Simple_Algebra_Test_TutorialUITests.swift in Sources */ = {isa = PBXBuildFile; fileRef = 7A33C833223F20640052D01C /* Simple_Algebra_Test_TutorialUITests.swift */; };
/* End PBXBuildFile section */

/* Begin PBXContainerItemProxy section */
		7A33C825223F20640052D01C /* PBXContainerItemProxy */ = {
			isa = PBXContainerItemProxy;
			containerPortal = 7A33C808223F20630052D01C /* Project object */;
			proxyType = 1;
			remoteGlobalIDString = 7A33C80F223F20630052D01C;
			remoteInfo = "Simple Algebra Test Tutorial";
		};
		7A33C830223F20640052D01C /* PBXContainerItemProxy */ = {
			isa = PBXContainerItemProxy;
			containerPortal = 7A33C808223F20630052D01C /* Project object */;
			proxyType = 1;
			remoteGlobalIDString = 7A33C80F223F20630052D01C;
			remoteInfo = "Simple Algebra Test Tutorial";
		};
/* End PBXContainerItemProxy section */

/* Begin PBXFileReference section */
		7A33C810223F20630052D01C /* Simple Algebra Test Tutorial.app */ = {isa = PBXFileReference; explicitFileType = wrapper.application; includeInIndex = 0; path = "Simple Algebra Test Tutorial.app"; sourceTree = BUILT_PRODUCTS_DIR; };
		7A33C813223F20630052D01C /* AppDelegate.swift */ = {isa = PBXFileReference; lastKnownFileType = sourcecode.swift; path = AppDelegate.swift; sourceTree = "<group>"; };
		7A33C815223F20630052D01C /* ViewController.swift */ = {isa = PBXFileReference; lastKnownFileType = sourcecode.swift; path = ViewController.swift; sourceTree = "<group>"; };
		7A33C818223F20630052D01C /* Base */ = {isa = PBXFileReference; lastKnownFileType = file.storyboard; name = Base; path = Base.lproj/Main.storyboard; sourceTree = "<group>"; };
		7A33C81A223F20640052D01C /* Assets.xcassets */ = {isa = PBXFileReference; lastKnownFileType = folder.assetcatalog; path = Assets.xcassets; sourceTree = "<group>"; };
		7A33C81D223F20640052D01C /* Base */ = {isa = PBXFileReference; lastKnownFileType = file.storyboard; name = Base; path = Base.lproj/LaunchScreen.storyboard; sourceTree = "<group>"; };
		7A33C81F223F20640052D01C /* Info.plist */ = {isa = PBXFileReference; lastKnownFileType = text.plist.xml; path = Info.plist; sourceTree = "<group>"; };
		7A33C824223F20640052D01C /* Simple Algebra Test TutorialTests.xctest */ = {isa = PBXFileReference; explicitFileType = wrapper.cfbundle; includeInIndex = 0; path = "Simple Algebra Test TutorialTests.xctest"; sourceTree = BUILT_PRODUCTS_DIR; };
		7A33C828223F20640052D01C /* Simple_Algebra_Test_TutorialTests.swift */ = {isa = PBXFileReference; lastKnownFileType = sourcecode.swift; path = Simple_Algebra_Test_TutorialTests.swift; sourceTree = "<group>"; };
		7A33C82A223F20640052D01C /* Info.plist */ = {isa = PBXFileReference; lastKnownFileType = text.plist.xml; path = Info.plist; sourceTree = "<group>"; };
		7A33C82F223F20640052D01C /* Simple Algebra Test TutorialUITests.xctest */ = {isa = PBXFileReference; explicitFileType = wrapper.cfbundle; includeInIndex = 0; path = "Simple Algebra Test TutorialUITests.xctest"; sourceTree = BUILT_PRODUCTS_DIR; };
		7A33C833223F20640052D01C /* Simple_Algebra_Test_TutorialUITests.swift */ = {isa = PBXFileReference; lastKnownFileType = sourcecode.swift; path = Simple_Algebra_Test_TutorialUITests.swift; sourceTree = "<group>"; };
		7A33C835223F20640052D01C /* Info.plist */ = {isa = PBXFileReference; lastKnownFileType = text.plist.xml; path = Info.plist; sourceTree = "<group>"; };
/* End PBXFileReference section */

/* Begin PBXFrameworksBuildPhase section */
		7A33C80D223F20630052D01C /* Frameworks */ = {
			isa = PBXFrameworksBuildPhase;
			buildActionMask = 2147483647;
			files = (
			);
			runOnlyForDeploymentPostprocessing = 0;
		};
		7A33C821223F20640052D01C /* Frameworks */ = {
			isa = PBXFrameworksBuildPhase;
			buildActionMask = 2147483647;
			files = (
			);
			runOnlyForDeploymentPostprocessing = 0;
		};
		7A33C82C223F20640052D01C /* Frameworks */ = {
			isa = PBXFrameworksBuildPhase;
			buildActionMask = 2147483647;
			files = (
			);
			runOnlyForDeploymentPostprocessing = 0;
		};
/* End PBXFrameworksBuildPhase section */

/* Begin PBXGroup section */
		7A33C807223F20630052D01C = {
			isa = PBXGroup;
			children = (
				7A33C812223F20630052D01C /* Simple Algebra Test Tutorial */,
				7A33C827223F20640052D01C /* Simple Algebra Test TutorialTests */,
				7A33C832223F20640052D01C /* Simple Algebra Test TutorialUITests */,
				7A33C811223F20630052D01C /* Products */,
			);
			sourceTree = "<group>";
		};
		7A33C811223F20630052D01C /* Products */ = {
			isa = PBXGroup;
			children = (
				7A33C810223F20630052D01C /* Simple Algebra Test Tutorial.app */,
				7A33C824223F20640052D01C /* Simple Algebra Test TutorialTests.xctest */,
				7A33C82F223F20640052D01C /* Simple Algebra Test TutorialUITests.xctest */,
			);
			name = Products;
			sourceTree = "<group>";
		};
		7A33C812223F20630052D01C /* Simple Algebra Test Tutorial */ = {
			isa = PBXGroup;
			children = (
				7A33C813223F20630052D01C /* AppDelegate.swift */,
				7A33C815223F20630052D01C /* ViewController.swift */,
				7A33C817223F20630052D01C /* Main.storyboard */,
				7A33C81A223F20640052D01C /* Assets.xcassets */,
				7A33C81C223F20640052D01C /* LaunchScreen.storyboard */,
				7A33C81F223F20640052D01C /* Info.plist */,
			);
			path = "Simple Algebra Test Tutorial";
			sourceTree = "<group>";
		};
		7A33C827223F20640052D01C /* Simple Algebra Test TutorialTests */ = {
			isa = PBXGroup;
			children = (
				7A33C828223F20640052D01C /* Simple_Algebra_Test_TutorialTests.swift */,
				7A33C82A223F20640052D01C /* Info.plist */,
			);
			path = "Simple Algebra Test TutorialTests";
			sourceTree = "<group>";
		};
		7A33C832223F20640052D01C /* Simple Algebra Test TutorialUITests */ = {
			isa = PBXGroup;
			children = (
				7A33C833223F20640052D01C /* Simple_Algebra_Test_TutorialUITests.swift */,
				7A33C835223F20640052D01C /* Info.plist */,
			);
			path = "Simple Algebra Test TutorialUITests";
			sourceTree = "<group>";
		};
/* End PBXGroup section */

/* Begin PBXNativeTarget section */
		7A33C80F223F20630052D01C /* Simple Algebra Test Tutorial */ = {
			isa = PBXNativeTarget;
			buildConfigurationList = 7A33C838223F20640052D01C /* Build configuration list for PBXNativeTarget "Simple Algebra Test Tutorial" */;
			buildPhases = (
				7A33C80C223F20630052D01C /* Sources */,
				7A33C80D223F20630052D01C /* Frameworks */,
				7A33C80E223F20630052D01C /* Resources */,
			);
			buildRules = (
			);
			dependencies = (
			);
			name = "Simple Algebra Test Tutorial";
			productName = "Simple Algebra Test Tutorial";
			productReference = 7A33C810223F20630052D01C /* Simple Algebra Test Tutorial.app */;
			productType = "com.apple.product-type.application";
		};
		7A33C823223F20640052D01C /* Simple Algebra Test TutorialTests */ = {
			isa = PBXNativeTarget;
			buildConfigurationList = 7A33C83B223F20640052D01C /* Build configuration list for PBXNativeTarget "Simple Algebra Test TutorialTests" */;
			buildPhases = (
				7A33C820223F20640052D01C /* Sources */,
				7A33C821223F20640052D01C /* Frameworks */,
				7A33C822223F20640052D01C /* Resources */,
			);
			buildRules = (
			);
			dependencies = (
				7A33C826223F20640052D01C /* PBXTargetDependency */,
			);
			name = "Simple Algebra Test TutorialTests";
			productName = "Simple Algebra Test TutorialTests";
			productReference = 7A33C824223F20640052D01C /* Simple Algebra Test TutorialTests.xctest */;
			productType = "com.apple.product-type.bundle.unit-test";
		};
		7A33C82E223F20640052D01C /* Simple Algebra Test TutorialUITests */ = {
			isa = PBXNativeTarget;
			buildConfigurationList = 7A33C83E223F20640052D01C /* Build configuration list for PBXNativeTarget "Simple Algebra Test TutorialUITests" */;
			buildPhases = (
				7A33C82B223F20640052D01C /* Sources */,
				7A33C82C223F20640052D01C /* Frameworks */,
				7A33C82D223F20640052D01C /* Resources */,
			);
			buildRules = (
			);
			dependencies = (
				7A33C831223F20640052D01C /* PBXTargetDependency */,
			);
			name = "Simple Algebra Test TutorialUITests";
			productName = "Simple Algebra Test TutorialUITests";
			productReference = 7A33C82F223F20640052D01C /* Simple Algebra Test TutorialUITests.xctest */;
			productType = "com.apple.product-type.bundle.ui-testing";
		};
/* End PBXNativeTarget section */

/* Begin PBXProject section */
		7A33C808223F20630052D01C /* Project object */ = {
			isa = PBXProject;
			attributes = {
				LastSwiftUpdateCheck = 1010;
				LastUpgradeCheck = 1010;
				ORGANIZATIONNAME = "Julie Berry";
				TargetAttributes = {
					7A33C80F223F20630052D01C = {
						CreatedOnToolsVersion = 10.1;
					};
					7A33C823223F20640052D01C = {
						CreatedOnToolsVersion = 10.1;
						TestTargetID = 7A33C80F223F20630052D01C;
					};
					7A33C82E223F20640052D01C = {
						CreatedOnToolsVersion = 10.1;
						TestTargetID = 7A33C80F223F20630052D01C;
					};
				};
			};
			buildConfigurationList = 7A33C80B223F20630052D01C /* Build configuration list for PBXProject "Simple Algebra Test Tutorial" */;
			compatibilityVersion = "Xcode 9.3";
			developmentRegion = en;
			hasScannedForEncodings = 0;
			knownRegions = (
				en,
				Base,
			);
			mainGroup = 7A33C807223F20630052D01C;
			productRefGroup = 7A33C811223F20630052D01C /* Products */;
			projectDirPath = "";
			projectRoot = "";
			targets = (
				7A33C80F223F20630052D01C /* Simple Algebra Test Tutorial */,
				7A33C823223F20640052D01C /* Simple Algebra Test TutorialTests */,
				7A33C82E223F20640052D01C /* Simple Algebra Test TutorialUITests */,
			);
		};
/* End PBXProject section */

/* Begin PBXResourcesBuildPhase section */
		7A33C80E223F20630052D01C /* Resources */ = {
			isa = PBXResourcesBuildPhase;
			buildActionMask = 2147483647;
			files = (
				7A33C81E223F20640052D01C /* LaunchScreen.storyboard in Resources */,
				7A33C81B223F20640052D01C /* Assets.xcassets in Resources */,
				7A33C819223F20630052D01C /* Main.storyboard in Resources */,
			);
			runOnlyForDeploymentPostprocessing = 0;
		};
		7A33C822223F20640052D01C /* Resources */ = {
			isa = PBXResourcesBuildPhase;
			buildActionMask = 2147483647;
			files = (
			);
			runOnlyForDeploymentPostprocessing = 0;
		};
		7A33C82D223F20640052D01C /* Resources */ = {
			isa = PBXResourcesBuildPhase;
			buildActionMask = 2147483647;
			files = (
			);
			runOnlyForDeploymentPostprocessing = 0;
		};
/* End PBXResourcesBuildPhase section */

/* Begin PBXSourcesBuildPhase section */
		7A33C80C223F20630052D01C /* Sources */ = {
			isa = PBXSourcesBuildPhase;
			buildActionMask = 2147483647;
			files = (
				7A33C816223F20630052D01C /* ViewController.swift in Sources */,
				7A33C814223F20630052D01C /* AppDelegate.swift in Sources */,
			);
			runOnlyForDeploymentPostprocessing = 0;
		};
		7A33C820223F20640052D01C /* Sources */ = {
			isa = PBXSourcesBuildPhase;
			buildActionMask = 2147483647;
			files = (
				7A33C829223F20640052D01C /* Simple_Algebra_Test_TutorialTests.swift in Sources */,
			);
			runOnlyForDeploymentPostprocessing = 0;
		};
		7A33C82B223F20640052D01C /* Sources */ = {
			isa = PBXSourcesBuildPhase;
			buildActionMask = 2147483647;
			files = (
				7A33C834223F20640052D01C /* Simple_Algebra_Test_TutorialUITests.swift in Sources */,
			);
			runOnlyForDeploymentPostprocessing = 0;
		};
/* End PBXSourcesBuildPhase section */

/* Begin PBXTargetDependency section */
		7A33C826223F20640052D01C /* PBXTargetDependency */ = {
			isa = PBXTargetDependency;
			target = 7A33C80F223F20630052D01C /* Simple Algebra Test Tutorial */;
			targetProxy = 7A33C825223F20640052D01C /* PBXContainerItemProxy */;
		};
		7A33C831223F20640052D01C /* PBXTargetDependency */ = {
			isa = PBXTargetDependency;
			target = 7A33C80F223F20630052D01C /* Simple Algebra Test Tutorial */;
			targetProxy = 7A33C830223F20640052D01C /* PBXContainerItemProxy */;
		};
/* End PBXTargetDependency section */

/* Begin PBXVariantGroup section */
		7A33C817223F20630052D01C /* Main.storyboard */ = {
			isa = PBXVariantGroup;
			children = (
				7A33C818223F20630052D01C /* Base */,
			);
			name = Main.storyboard;
			sourceTree = "<group>";
		};
		7A33C81C223F20640052D01C /* LaunchScreen.storyboard */ = {
			isa = PBXVariantGroup;
			children = (
				7A33C81D223F20640052D01C /* Base */,
			);
			name = LaunchScreen.storyboard;
			sourceTree = "<group>";
		};
/* End PBXVariantGroup section */

/* Begin XCBuildConfiguration section */
		7A33C836223F20640052D01C /* Debug */ = {
			isa = XCBuildConfiguration;
			buildSettings = {
				ALWAYS_SEARCH_USER_PATHS = NO;
				CLANG_ANALYZER_NONNULL = YES;
				CLANG_ANALYZER_NUMBER_OBJECT_CONVERSION = YES_AGGRESSIVE;
				CLANG_CXX_LANGUAGE_STANDARD = "gnu++14";
				CLANG_CXX_LIBRARY = "libc++";
				CLANG_ENABLE_MODULES = YES;
				CLANG_ENABLE_OBJC_ARC = YES;
				CLANG_ENABLE_OBJC_WEAK = YES;
				CLANG_WARN_BLOCK_CAPTURE_AUTORELEASING = YES;
				CLANG_WARN_BOOL_CONVERSION = YES;
				CLANG_WARN_COMMA = YES;
				CLANG_WARN_CONSTANT_CONVERSION = YES;
				CLANG_WARN_DEPRECATED_OBJC_IMPLEMENTATIONS = YES;
				CLANG_WARN_DIRECT_OBJC_ISA_USAGE = YES_ERROR;
				CLANG_WARN_DOCUMENTATION_COMMENTS = YES;
				CLANG_WARN_EMPTY_BODY = YES;
				CLANG_WARN_ENUM_CONVERSION = YES;
				CLANG_WARN_INFINITE_RECURSION = YES;
				CLANG_WARN_INT_CONVERSION = YES;
				CLANG_WARN_NON_LITERAL_NULL_CONVERSION = YES;
				CLANG_WARN_OBJC_IMPLICIT_RETAIN_SELF = YES;
				CLANG_WARN_OBJC_LITERAL_CONVERSION = YES;
				CLANG_WARN_OBJC_ROOT_CLASS = YES_ERROR;
				CLANG_WARN_RANGE_LOOP_ANALYSIS = YES;
				CLANG_WARN_STRICT_PROTOTYPES = YES;
				CLANG_WARN_SUSPICIOUS_MOVE = YES;
				CLANG_WARN_UNGUARDED_AVAILABILITY = YES_AGGRESSIVE;
				CLANG_WARN_UNREACHABLE_CODE = YES;
				CLANG_WARN__DUPLICATE_METHOD_MATCH = YES;
				CODE_SIGN_IDENTITY = "iPhone Developer";
				COPY_PHASE_STRIP = NO;
				DEBUG_INFORMATION_FORMAT = dwarf;
				ENABLE_STRICT_OBJC_MSGSEND = YES;
				ENABLE_TESTABILITY = YES;
				GCC_C_LANGUAGE_STANDARD = gnu11;
				GCC_DYNAMIC_NO_PIC = NO;
				GCC_NO_COMMON_BLOCKS = YES;
				GCC_OPTIMIZATION_LEVEL = 0;
				GCC_PREPROCESSOR_DEFINITIONS = (
					"DEBUG=1",
					"$(inherited)",
				);
				GCC_WARN_64_TO_32_BIT_CONVERSION = YES;
				GCC_WARN_ABOUT_RETURN_TYPE = YES_ERROR;
				GCC_WARN_UNDECLARED_SELECTOR = YES;
				GCC_WARN_UNINITIALIZED_AUTOS = YES_AGGRESSIVE;
				GCC_WARN_UNUSED_FUNCTION = YES;
				GCC_WARN_UNUSED_VARIABLE = YES;
				IPHONEOS_DEPLOYMENT_TARGET = 12.1;
				MTL_ENABLE_DEBUG_INFO = INCLUDE_SOURCE;
				MTL_FAST_MATH = YES;
				ONLY_ACTIVE_ARCH = YES;
				SDKROOT = iphoneos;
				SWIFT_ACTIVE_COMPILATION_CONDITIONS = DEBUG;
				SWIFT_OPTIMIZATION_LEVEL = "-Onone";
			};
			name = Debug;
		};
		7A33C837223F20640052D01C /* Release */ = {
			isa = XCBuildConfiguration;
			buildSettings = {
				ALWAYS_SEARCH_USER_PATHS = NO;
				CLANG_ANALYZER_NONNULL = YES;
				CLANG_ANALYZER_NUMBER_OBJECT_CONVERSION = YES_AGGRESSIVE;
				CLANG_CXX_LANGUAGE_STANDARD = "gnu++14";
				CLANG_CXX_LIBRARY = "libc++";
				CLANG_ENABLE_MODULES = YES;
				CLANG_ENABLE_OBJC_ARC = YES;
				CLANG_ENABLE_OBJC_WEAK = YES;
				CLANG_WARN_BLOCK_CAPTURE_AUTORELEASING = YES;
				CLANG_WARN_BOOL_CONVERSION = YES;
				CLANG_WARN_COMMA = YES;
				CLANG_WARN_CONSTANT_CONVERSION = YES;
				CLANG_WARN_DEPRECATED_OBJC_IMPLEMENTATIONS = YES;
				CLANG_WARN_DIRECT_OBJC_ISA_USAGE = YES_ERROR;
				CLANG_WARN_DOCUMENTATION_COMMENTS = YES;
				CLANG_WARN_EMPTY_BODY = YES;
				CLANG_WARN_ENUM_CONVERSION = YES;
				CLANG_WARN_INFINITE_RECURSION = YES;
				CLANG_WARN_INT_CONVERSION = YES;
				CLANG_WARN_NON_LITERAL_NULL_CONVERSION = YES;
				CLANG_WARN_OBJC_IMPLICIT_RETAIN_SELF = YES;
				CLANG_WARN_OBJC_LITERAL_CONVERSION = YES;
				CLANG_WARN_OBJC_ROOT_CLASS = YES_ERROR;
				CLANG_WARN_RANGE_LOOP_ANALYSIS = YES;
				CLANG_WARN_STRICT_PROTOTYPES = YES;
				CLANG_WARN_SUSPICIOUS_MOVE = YES;
				CLANG_WARN_UNGUARDED_AVAILABILITY = YES_AGGRESSIVE;
				CLANG_WARN_UNREACHABLE_CODE = YES;
				CLANG_WARN__DUPLICATE_METHOD_MATCH = YES;
				CODE_SIGN_IDENTITY = "iPhone Developer";
				COPY_PHASE_STRIP = NO;
				DEBUG_INFORMATION_FORMAT = "dwarf-with-dsym";
				ENABLE_NS_ASSERTIONS = NO;
				ENABLE_STRICT_OBJC_MSGSEND = YES;
				GCC_C_LANGUAGE_STANDARD = gnu11;
				GCC_NO_COMMON_BLOCKS = YES;
				GCC_WARN_64_TO_32_BIT_CONVERSION = YES;
				GCC_WARN_ABOUT_RETURN_TYPE = YES_ERROR;
				GCC_WARN_UNDECLARED_SELECTOR = YES;
				GCC_WARN_UNINITIALIZED_AUTOS = YES_AGGRESSIVE;
				GCC_WARN_UNUSED_FUNCTION = YES;
				GCC_WARN_UNUSED_VARIABLE = YES;
				IPHONEOS_DEPLOYMENT_TARGET = 12.1;
				MTL_ENABLE_DEBUG_INFO = NO;
				MTL_FAST_MATH = YES;
				SDKROOT = iphoneos;
				SWIFT_COMPILATION_MODE = wholemodule;
				SWIFT_OPTIMIZATION_LEVEL = "-O";
				VALIDATE_PRODUCT = YES;
			};
			name = Release;
		};
		7A33C839223F20640052D01C /* Debug */ = {
			isa = XCBuildConfiguration;
			buildSettings = {
				ASSETCATALOG_COMPILER_APPICON_NAME = AppIcon;
				CODE_SIGN_STYLE = Automatic;
				DEVELOPMENT_TEAM = 36H4X297UC;
				INFOPLIST_FILE = "Simple Algebra Test Tutorial/Info.plist";
				LD_RUNPATH_SEARCH_PATHS = (
					"$(inherited)",
					"@executable_path/Frameworks",
				);
				PRODUCT_BUNDLE_IDENTIFIER = "com.jberry-.Simple-Algebra-Test-Tutorial";
				PRODUCT_NAME = "$(TARGET_NAME)";
				SWIFT_VERSION = 4.2;
				TARGETED_DEVICE_FAMILY = "1,2";
			};
			name = Debug;
		};
		7A33C83A223F20640052D01C /* Release */ = {
			isa = XCBuildConfiguration;
			buildSettings = {
				ASSETCATALOG_COMPILER_APPICON_NAME = AppIcon;
				CODE_SIGN_STYLE = Automatic;
				DEVELOPMENT_TEAM = 36H4X297UC;
				INFOPLIST_FILE = "Simple Algebra Test Tutorial/Info.plist";
				LD_RUNPATH_SEARCH_PATHS = (
					"$(inherited)",
					"@executable_path/Frameworks",
				);
				PRODUCT_BUNDLE_IDENTIFIER = "com.jberry-.Simple-Algebra-Test-Tutorial";
				PRODUCT_NAME = "$(TARGET_NAME)";
				SWIFT_VERSION = 4.2;
				TARGETED_DEVICE_FAMILY = "1,2";
			};
			name = Release;
		};
		7A33C83C223F20640052D01C /* Debug */ = {
			isa = XCBuildConfiguration;
			buildSettings = {
				ALWAYS_EMBED_SWIFT_STANDARD_LIBRARIES = YES;
				BUNDLE_LOADER = "$(TEST_HOST)";
				CODE_SIGN_STYLE = Automatic;
				DEVELOPMENT_TEAM = 36H4X297UC;
				INFOPLIST_FILE = "Simple Algebra Test TutorialTests/Info.plist";
				LD_RUNPATH_SEARCH_PATHS = (
					"$(inherited)",
					"@executable_path/Frameworks",
					"@loader_path/Frameworks",
				);
				PRODUCT_BUNDLE_IDENTIFIER = "com.jberry-.Simple-Algebra-Test-TutorialTests";
				PRODUCT_NAME = "$(TARGET_NAME)";
				SWIFT_VERSION = 4.2;
				TARGETED_DEVICE_FAMILY = "1,2";
				TEST_HOST = "$(BUILT_PRODUCTS_DIR)/Simple Algebra Test Tutorial.app/Simple Algebra Test Tutorial";
			};
			name = Debug;
		};
		7A33C83D223F20640052D01C /* Release */ = {
			isa = XCBuildConfiguration;
			buildSettings = {
				ALWAYS_EMBED_SWIFT_STANDARD_LIBRARIES = YES;
				BUNDLE_LOADER = "$(TEST_HOST)";
				CODE_SIGN_STYLE = Automatic;
				DEVELOPMENT_TEAM = 36H4X297UC;
				INFOPLIST_FILE = "Simple Algebra Test TutorialTests/Info.plist";
				LD_RUNPATH_SEARCH_PATHS = (
					"$(inherited)",
					"@executable_path/Frameworks",
					"@loader_path/Frameworks",
				);
				PRODUCT_BUNDLE_IDENTIFIER = "com.jberry-.Simple-Algebra-Test-TutorialTests";
				PRODUCT_NAME = "$(TARGET_NAME)";
				SWIFT_VERSION = 4.2;
				TARGETED_DEVICE_FAMILY = "1,2";
				TEST_HOST = "$(BUILT_PRODUCTS_DIR)/Simple Algebra Test Tutorial.app/Simple Algebra Test Tutorial";
			};
			name = Release;
		};
		7A33C83F223F20640052D01C /* Debug */ = {
			isa = XCBuildConfiguration;
			buildSettings = {
				ALWAYS_EMBED_SWIFT_STANDARD_LIBRARIES = YES;
				CODE_SIGN_STYLE = Automatic;
				DEVELOPMENT_TEAM = 36H4X297UC;
				INFOPLIST_FILE = "Simple Algebra Test TutorialUITests/Info.plist";
				LD_RUNPATH_SEARCH_PATHS = (
					"$(inherited)",
					"@executable_path/Frameworks",
					"@loader_path/Frameworks",
				);
				PRODUCT_BUNDLE_IDENTIFIER = "com.jberry-.Simple-Algebra-Test-TutorialUITests";
				PRODUCT_NAME = "$(TARGET_NAME)";
				SWIFT_VERSION = 4.2;
				TARGETED_DEVICE_FAMILY = "1,2";
				TEST_TARGET_NAME = "Simple Algebra Test Tutorial";
			};
			name = Debug;
		};
		7A33C840223F20640052D01C /* Release */ = {
			isa = XCBuildConfiguration;
			buildSettings = {
				ALWAYS_EMBED_SWIFT_STANDARD_LIBRARIES = YES;
				CODE_SIGN_STYLE = Automatic;
				DEVELOPMENT_TEAM = 36H4X297UC;
				INFOPLIST_FILE = "Simple Algebra Test TutorialUITests/Info.plist";
				LD_RUNPATH_SEARCH_PATHS = (
					"$(inherited)",
					"@executable_path/Frameworks",
					"@loader_path/Frameworks",
				);
				PRODUCT_BUNDLE_IDENTIFIER = "com.jberry-.Simple-Algebra-Test-TutorialUITests";
				PRODUCT_NAME = "$(TARGET_NAME)";
				SWIFT_VERSION = 4.2;
				TARGETED_DEVICE_FAMILY = "1,2";
				TEST_TARGET_NAME = "Simple Algebra Test Tutorial";
			};
			name = Release;
		};
/* End XCBuildConfiguration section */

/* Begin XCConfigurationList section */
		7A33C80B223F20630052D01C /* Build configuration list for PBXProject "Simple Algebra Test Tutorial" */ = {
			isa = XCConfigurationList;
			buildConfigurations = (
				7A33C836223F20640052D01C /* Debug */,
				7A33C837223F20640052D01C /* Release */,
			);
			defaultConfigurationIsVisible = 0;
			defaultConfigurationName = Release;
		};
		7A33C838223F20640052D01C /* Build configuration list for PBXNativeTarget "Simple Algebra Test Tutorial" */ = {
			isa = XCConfigurationList;
			buildConfigurations = (
				7A33C839223F20640052D01C /* Debug */,
				7A33C83A223F20640052D01C /* Release */,
			);
			defaultConfigurationIsVisible = 0;
			defaultConfigurationName = Release;
		};
		7A33C83B223F20640052D01C /* Build configuration list for PBXNativeTarget "Simple Algebra Test TutorialTests" */ = {
			isa = XCConfigurationList;
			buildConfigurations = (
				7A33C83C223F20640052D01C /* Debug */,
				7A33C83D223F20640052D01C /* Release */,
			);
			defaultConfigurationIsVisible = 0;
			defaultConfigurationName = Release;
		};
		7A33C83E223F20640052D01C /* Build configuration list for PBXNativeTarget "Simple Algebra Test TutorialUITests" */ = {
			isa = XCConfigurationList;
			buildConfigurations = (
				7A33C83F223F20640052D01C /* Debug */,
				7A33C840223F20640052D01C /* Release */,
			);
			defaultConfigurationIsVisible = 0;
			defaultConfigurationName = Release;
		};
/* End XCConfigurationList section */
	};
	rootObject = 7A33C808223F20630052D01C /* Project object */;
}
