// !$*UTF8*$!
{
	archiveVersion = 1;
	classes = {
	};
	objectVersion = 50;
	objects = {

/* Begin PBXBuildFile section */
		7ADA41D72212420E00B65694 /* AppDelegate.swift in Sources */ = {isa = PBXBuildFile; fileRef = 7ADA41D62212420E00B65694 /* AppDelegate.swift */; };
		7ADA41D92212420E00B65694 /* ViewController.swift in Sources */ = {isa = PBXBuildFile; fileRef = 7ADA41D82212420E00B65694 /* ViewController.swift */; };
		7ADA41DC2212420E00B65694 /* Main.storyboard in Resources */ = {isa = PBXBuildFile; fileRef = 7ADA41DA2212420E00B65694 /* Main.storyboard */; };
		7ADA41DE2212420F00B65694 /* Assets.xcassets in Resources */ = {isa = PBXBuildFile; fileRef = 7ADA41DD2212420F00B65694 /* Assets.xcassets */; };
		7ADA41E12212420F00B65694 /* LaunchScreen.storyboard in Resources */ = {isa = PBXBuildFile; fileRef = 7ADA41DF2212420F00B65694 /* LaunchScreen.storyboard */; };
		7ADA41EC2212420F00B65694 /* Average_CalculatorTests.swift in Sources */ = {isa = PBXBuildFile; fileRef = 7ADA41EB2212420F00B65694 /* Average_CalculatorTests.swift */; };
		7ADA41F72212420F00B65694 /* Average_CalculatorUITests.swift in Sources */ = {isa = PBXBuildFile; fileRef = 7ADA41F62212420F00B65694 /* Average_CalculatorUITests.swift */; };
/* End PBXBuildFile section */

/* Begin PBXContainerItemProxy section */
		7ADA41E82212420F00B65694 /* PBXContainerItemProxy */ = {
			isa = PBXContainerItemProxy;
			containerPortal = 7ADA41CB2212420E00B65694 /* Project object */;
			proxyType = 1;
			remoteGlobalIDString = 7ADA41D22212420E00B65694;
			remoteInfo = "Average Calculator";
		};
		7ADA41F32212420F00B65694 /* PBXContainerItemProxy */ = {
			isa = PBXContainerItemProxy;
			containerPortal = 7ADA41CB2212420E00B65694 /* Project object */;
			proxyType = 1;
			remoteGlobalIDString = 7ADA41D22212420E00B65694;
			remoteInfo = "Average Calculator";
		};
/* End PBXContainerItemProxy section */

/* Begin PBXFileReference section */
		7ADA41D32212420E00B65694 /* Average Calculator.app */ = {isa = PBXFileReference; explicitFileType = wrapper.application; includeInIndex = 0; path = "Average Calculator.app"; sourceTree = BUILT_PRODUCTS_DIR; };
		7ADA41D62212420E00B65694 /* AppDelegate.swift */ = {isa = PBXFileReference; lastKnownFileType = sourcecode.swift; path = AppDelegate.swift; sourceTree = "<group>"; };
		7ADA41D82212420E00B65694 /* ViewController.swift */ = {isa = PBXFileReference; lastKnownFileType = sourcecode.swift; path = ViewController.swift; sourceTree = "<group>"; };
		7ADA41DB2212420E00B65694 /* Base */ = {isa = PBXFileReference; lastKnownFileType = file.storyboard; name = Base; path = Base.lproj/Main.storyboard; sourceTree = "<group>"; };
		7ADA41DD2212420F00B65694 /* Assets.xcassets */ = {isa = PBXFileReference; lastKnownFileType = folder.assetcatalog; path = Assets.xcassets; sourceTree = "<group>"; };
		7ADA41E02212420F00B65694 /* Base */ = {isa = PBXFileReference; lastKnownFileType = file.storyboard; name = Base; path = Base.lproj/LaunchScreen.storyboard; sourceTree = "<group>"; };
		7ADA41E22212420F00B65694 /* Info.plist */ = {isa = PBXFileReference; lastKnownFileType = text.plist.xml; path = Info.plist; sourceTree = "<group>"; };
		7ADA41E72212420F00B65694 /* Average CalculatorTests.xctest */ = {isa = PBXFileReference; explicitFileType = wrapper.cfbundle; includeInIndex = 0; path = "Average CalculatorTests.xctest"; sourceTree = BUILT_PRODUCTS_DIR; };
		7ADA41EB2212420F00B65694 /* Average_CalculatorTests.swift */ = {isa = PBXFileReference; lastKnownFileType = sourcecode.swift; path = Average_CalculatorTests.swift; sourceTree = "<group>"; };
		7ADA41ED2212420F00B65694 /* Info.plist */ = {isa = PBXFileReference; lastKnownFileType = text.plist.xml; path = Info.plist; sourceTree = "<group>"; };
		7ADA41F22212420F00B65694 /* Average CalculatorUITests.xctest */ = {isa = PBXFileReference; explicitFileType = wrapper.cfbundle; includeInIndex = 0; path = "Average CalculatorUITests.xctest"; sourceTree = BUILT_PRODUCTS_DIR; };
		7ADA41F62212420F00B65694 /* Average_CalculatorUITests.swift */ = {isa = PBXFileReference; lastKnownFileType = sourcecode.swift; path = Average_CalculatorUITests.swift; sourceTree = "<group>"; };
		7ADA41F82212420F00B65694 /* Info.plist */ = {isa = PBXFileReference; lastKnownFileType = text.plist.xml; path = Info.plist; sourceTree = "<group>"; };
/* End PBXFileReference section */

/* Begin PBXFrameworksBuildPhase section */
		7ADA41D02212420E00B65694 /* Frameworks */ = {
			isa = PBXFrameworksBuildPhase;
			buildActionMask = 2147483647;
			files = (
			);
			runOnlyForDeploymentPostprocessing = 0;
		};
		7ADA41E42212420F00B65694 /* Frameworks */ = {
			isa = PBXFrameworksBuildPhase;
			buildActionMask = 2147483647;
			files = (
			);
			runOnlyForDeploymentPostprocessing = 0;
		};
		7ADA41EF2212420F00B65694 /* Frameworks */ = {
			isa = PBXFrameworksBuildPhase;
			buildActionMask = 2147483647;
			files = (
			);
			runOnlyForDeploymentPostprocessing = 0;
		};
/* End PBXFrameworksBuildPhase section */

/* Begin PBXGroup section */
		7ADA41CA2212420E00B65694 = {
			isa = PBXGroup;
			children = (
				7ADA41D52212420E00B65694 /* Average Calculator */,
				7ADA41EA2212420F00B65694 /* Average CalculatorTests */,
				7ADA41F52212420F00B65694 /* Average CalculatorUITests */,
				7ADA41D42212420E00B65694 /* Products */,
			);
			sourceTree = "<group>";
		};
		7ADA41D42212420E00B65694 /* Products */ = {
			isa = PBXGroup;
			children = (
				7ADA41D32212420E00B65694 /* Average Calculator.app */,
				7ADA41E72212420F00B65694 /* Average CalculatorTests.xctest */,
				7ADA41F22212420F00B65694 /* Average CalculatorUITests.xctest */,
			);
			name = Products;
			sourceTree = "<group>";
		};
		7ADA41D52212420E00B65694 /* Average Calculator */ = {
			isa = PBXGroup;
			children = (
				7ADA41D62212420E00B65694 /* AppDelegate.swift */,
				7ADA41D82212420E00B65694 /* ViewController.swift */,
				7ADA41DA2212420E00B65694 /* Main.storyboard */,
				7ADA41DD2212420F00B65694 /* Assets.xcassets */,
				7ADA41DF2212420F00B65694 /* LaunchScreen.storyboard */,
				7ADA41E22212420F00B65694 /* Info.plist */,
			);
			path = "Average Calculator";
			sourceTree = "<group>";
		};
		7ADA41EA2212420F00B65694 /* Average CalculatorTests */ = {
			isa = PBXGroup;
			children = (
				7ADA41EB2212420F00B65694 /* Average_CalculatorTests.swift */,
				7ADA41ED2212420F00B65694 /* Info.plist */,
			);
			path = "Average CalculatorTests";
			sourceTree = "<group>";
		};
		7ADA41F52212420F00B65694 /* Average CalculatorUITests */ = {
			isa = PBXGroup;
			children = (
				7ADA41F62212420F00B65694 /* Average_CalculatorUITests.swift */,
				7ADA41F82212420F00B65694 /* Info.plist */,
			);
			path = "Average CalculatorUITests";
			sourceTree = "<group>";
		};
/* End PBXGroup section */

/* Begin PBXNativeTarget section */
		7ADA41D22212420E00B65694 /* Average Calculator */ = {
			isa = PBXNativeTarget;
			buildConfigurationList = 7ADA41FB2212420F00B65694 /* Build configuration list for PBXNativeTarget "Average Calculator" */;
			buildPhases = (
				7ADA41CF2212420E00B65694 /* Sources */,
				7ADA41D02212420E00B65694 /* Frameworks */,
				7ADA41D12212420E00B65694 /* Resources */,
			);
			buildRules = (
			);
			dependencies = (
			);
			name = "Average Calculator";
			productName = "Average Calculator";
			productReference = 7ADA41D32212420E00B65694 /* Average Calculator.app */;
			productType = "com.apple.product-type.application";
		};
		7ADA41E62212420F00B65694 /* Average CalculatorTests */ = {
			isa = PBXNativeTarget;
			buildConfigurationList = 7ADA41FE2212420F00B65694 /* Build configuration list for PBXNativeTarget "Average CalculatorTests" */;
			buildPhases = (
				7ADA41E32212420F00B65694 /* Sources */,
				7ADA41E42212420F00B65694 /* Frameworks */,
				7ADA41E52212420F00B65694 /* Resources */,
			);
			buildRules = (
			);
			dependencies = (
				7ADA41E92212420F00B65694 /* PBXTargetDependency */,
			);
			name = "Average CalculatorTests";
			productName = "Average CalculatorTests";
			productReference = 7ADA41E72212420F00B65694 /* Average CalculatorTests.xctest */;
			productType = "com.apple.product-type.bundle.unit-test";
		};
		7ADA41F12212420F00B65694 /* Average CalculatorUITests */ = {
			isa = PBXNativeTarget;
			buildConfigurationList = 7ADA42012212420F00B65694 /* Build configuration list for PBXNativeTarget "Average CalculatorUITests" */;
			buildPhases = (
				7ADA41EE2212420F00B65694 /* Sources */,
				7ADA41EF2212420F00B65694 /* Frameworks */,
				7ADA41F02212420F00B65694 /* Resources */,
			);
			buildRules = (
			);
			dependencies = (
				7ADA41F42212420F00B65694 /* PBXTargetDependency */,
			);
			name = "Average CalculatorUITests";
			productName = "Average CalculatorUITests";
			productReference = 7ADA41F22212420F00B65694 /* Average CalculatorUITests.xctest */;
			productType = "com.apple.product-type.bundle.ui-testing";
		};
/* End PBXNativeTarget section */

/* Begin PBXProject section */
		7ADA41CB2212420E00B65694 /* Project object */ = {
			isa = PBXProject;
			attributes = {
				LastSwiftUpdateCheck = 1010;
				LastUpgradeCheck = 1010;
				ORGANIZATIONNAME = "Julie Berry";
				TargetAttributes = {
					7ADA41D22212420E00B65694 = {
						CreatedOnToolsVersion = 10.1;
					};
					7ADA41E62212420F00B65694 = {
						CreatedOnToolsVersion = 10.1;
						TestTargetID = 7ADA41D22212420E00B65694;
					};
					7ADA41F12212420F00B65694 = {
						CreatedOnToolsVersion = 10.1;
						TestTargetID = 7ADA41D22212420E00B65694;
					};
				};
			};
			buildConfigurationList = 7ADA41CE2212420E00B65694 /* Build configuration list for PBXProject "Average Calculator" */;
			compatibilityVersion = "Xcode 9.3";
			developmentRegion = en;
			hasScannedForEncodings = 0;
			knownRegions = (
				en,
				Base,
			);
			mainGroup = 7ADA41CA2212420E00B65694;
			productRefGroup = 7ADA41D42212420E00B65694 /* Products */;
			projectDirPath = "";
			projectRoot = "";
			targets = (
				7ADA41D22212420E00B65694 /* Average Calculator */,
				7ADA41E62212420F00B65694 /* Average CalculatorTests */,
				7ADA41F12212420F00B65694 /* Average CalculatorUITests */,
			);
		};
/* End PBXProject section */

/* Begin PBXResourcesBuildPhase section */
		7ADA41D12212420E00B65694 /* Resources */ = {
			isa = PBXResourcesBuildPhase;
			buildActionMask = 2147483647;
			files = (
				7ADA41E12212420F00B65694 /* LaunchScreen.storyboard in Resources */,
				7ADA41DE2212420F00B65694 /* Assets.xcassets in Resources */,
				7ADA41DC2212420E00B65694 /* Main.storyboard in Resources */,
			);
			runOnlyForDeploymentPostprocessing = 0;
		};
		7ADA41E52212420F00B65694 /* Resources */ = {
			isa = PBXResourcesBuildPhase;
			buildActionMask = 2147483647;
			files = (
			);
			runOnlyForDeploymentPostprocessing = 0;
		};
		7ADA41F02212420F00B65694 /* Resources */ = {
			isa = PBXResourcesBuildPhase;
			buildActionMask = 2147483647;
			files = (
			);
			runOnlyForDeploymentPostprocessing = 0;
		};
/* End PBXResourcesBuildPhase section */

/* Begin PBXSourcesBuildPhase section */
		7ADA41CF2212420E00B65694 /* Sources */ = {
			isa = PBXSourcesBuildPhase;
			buildActionMask = 2147483647;
			files = (
				7ADA41D92212420E00B65694 /* ViewController.swift in Sources */,
				7ADA41D72212420E00B65694 /* AppDelegate.swift in Sources */,
			);
			runOnlyForDeploymentPostprocessing = 0;
		};
		7ADA41E32212420F00B65694 /* Sources */ = {
			isa = PBXSourcesBuildPhase;
			buildActionMask = 2147483647;
			files = (
				7ADA41EC2212420F00B65694 /* Average_CalculatorTests.swift in Sources */,
			);
			runOnlyForDeploymentPostprocessing = 0;
		};
		7ADA41EE2212420F00B65694 /* Sources */ = {
			isa = PBXSourcesBuildPhase;
			buildActionMask = 2147483647;
			files = (
				7ADA41F72212420F00B65694 /* Average_CalculatorUITests.swift in Sources */,
			);
			runOnlyForDeploymentPostprocessing = 0;
		};
/* End PBXSourcesBuildPhase section */

/* Begin PBXTargetDependency section */
		7ADA41E92212420F00B65694 /* PBXTargetDependency */ = {
			isa = PBXTargetDependency;
			target = 7ADA41D22212420E00B65694 /* Average Calculator */;
			targetProxy = 7ADA41E82212420F00B65694 /* PBXContainerItemProxy */;
		};
		7ADA41F42212420F00B65694 /* PBXTargetDependency */ = {
			isa = PBXTargetDependency;
			target = 7ADA41D22212420E00B65694 /* Average Calculator */;
			targetProxy = 7ADA41F32212420F00B65694 /* PBXContainerItemProxy */;
		};
/* End PBXTargetDependency section */

/* Begin PBXVariantGroup section */
		7ADA41DA2212420E00B65694 /* Main.storyboard */ = {
			isa = PBXVariantGroup;
			children = (
				7ADA41DB2212420E00B65694 /* Base */,
			);
			name = Main.storyboard;
			sourceTree = "<group>";
		};
		7ADA41DF2212420F00B65694 /* LaunchScreen.storyboard */ = {
			isa = PBXVariantGroup;
			children = (
				7ADA41E02212420F00B65694 /* Base */,
			);
			name = LaunchScreen.storyboard;
			sourceTree = "<group>";
		};
/* End PBXVariantGroup section */

/* Begin XCBuildConfiguration section */
		7ADA41F92212420F00B65694 /* Debug */ = {
			isa = XCBuildConfiguration;
			buildSettings = {
				ALWAYS_SEARCH_USER_PATHS = NO;
				CLANG_ANALYZER_NONNULL = YES;
				CLANG_ANALYZER_NUMBER_OBJECT_CONVERSION = YES_AGGRESSIVE;
				CLANG_CXX_LANGUAGE_STANDARD = "gnu++14";
				CLANG_CXX_LIBRARY = "libc++";
				CLANG_ENABLE_MODULES = YES;
				CLANG_ENABLE_OBJC_ARC = YES;
				CLANG_ENABLE_OBJC_WEAK = YES;
				CLANG_WARN_BLOCK_CAPTURE_AUTORELEASING = YES;
				CLANG_WARN_BOOL_CONVERSION = YES;
				CLANG_WARN_COMMA = YES;
				CLANG_WARN_CONSTANT_CONVERSION = YES;
				CLANG_WARN_DEPRECATED_OBJC_IMPLEMENTATIONS = YES;
				CLANG_WARN_DIRECT_OBJC_ISA_USAGE = YES_ERROR;
				CLANG_WARN_DOCUMENTATION_COMMENTS = YES;
				CLANG_WARN_EMPTY_BODY = YES;
				CLANG_WARN_ENUM_CONVERSION = YES;
				CLANG_WARN_INFINITE_RECURSION = YES;
				CLANG_WARN_INT_CONVERSION = YES;
				CLANG_WARN_NON_LITERAL_NULL_CONVERSION = YES;
				CLANG_WARN_OBJC_IMPLICIT_RETAIN_SELF = YES;
				CLANG_WARN_OBJC_LITERAL_CONVERSION = YES;
				CLANG_WARN_OBJC_ROOT_CLASS = YES_ERROR;
				CLANG_WARN_RANGE_LOOP_ANALYSIS = YES;
				CLANG_WARN_STRICT_PROTOTYPES = YES;
				CLANG_WARN_SUSPICIOUS_MOVE = YES;
				CLANG_WARN_UNGUARDED_AVAILABILITY = YES_AGGRESSIVE;
				CLANG_WARN_UNREACHABLE_CODE = YES;
				CLANG_WARN__DUPLICATE_METHOD_MATCH = YES;
				CODE_SIGN_IDENTITY = "iPhone Developer";
				COPY_PHASE_STRIP = NO;
				DEBUG_INFORMATION_FORMAT = dwarf;
				ENABLE_STRICT_OBJC_MSGSEND = YES;
				ENABLE_TESTABILITY = YES;
				GCC_C_LANGUAGE_STANDARD = gnu11;
				GCC_DYNAMIC_NO_PIC = NO;
				GCC_NO_COMMON_BLOCKS = YES;
				GCC_OPTIMIZATION_LEVEL = 0;
				GCC_PREPROCESSOR_DEFINITIONS = (
					"DEBUG=1",
					"$(inherited)",
				);
				GCC_WARN_64_TO_32_BIT_CONVERSION = YES;
				GCC_WARN_ABOUT_RETURN_TYPE = YES_ERROR;
				GCC_WARN_UNDECLARED_SELECTOR = YES;
				GCC_WARN_UNINITIALIZED_AUTOS = YES_AGGRESSIVE;
				GCC_WARN_UNUSED_FUNCTION = YES;
				GCC_WARN_UNUSED_VARIABLE = YES;
				IPHONEOS_DEPLOYMENT_TARGET = 12.1;
				MTL_ENABLE_DEBUG_INFO = INCLUDE_SOURCE;
				MTL_FAST_MATH = YES;
				ONLY_ACTIVE_ARCH = YES;
				SDKROOT = iphoneos;
				SWIFT_ACTIVE_COMPILATION_CONDITIONS = DEBUG;
				SWIFT_OPTIMIZATION_LEVEL = "-Onone";
			};
			name = Debug;
		};
		7ADA41FA2212420F00B65694 /* Release */ = {
			isa = XCBuildConfiguration;
			buildSettings = {
				ALWAYS_SEARCH_USER_PATHS = NO;
				CLANG_ANALYZER_NONNULL = YES;
				CLANG_ANALYZER_NUMBER_OBJECT_CONVERSION = YES_AGGRESSIVE;
				CLANG_CXX_LANGUAGE_STANDARD = "gnu++14";
				CLANG_CXX_LIBRARY = "libc++";
				CLANG_ENABLE_MODULES = YES;
				CLANG_ENABLE_OBJC_ARC = YES;
				CLANG_ENABLE_OBJC_WEAK = YES;
				CLANG_WARN_BLOCK_CAPTURE_AUTORELEASING = YES;
				CLANG_WARN_BOOL_CONVERSION = YES;
				CLANG_WARN_COMMA = YES;
				CLANG_WARN_CONSTANT_CONVERSION = YES;
				CLANG_WARN_DEPRECATED_OBJC_IMPLEMENTATIONS = YES;
				CLANG_WARN_DIRECT_OBJC_ISA_USAGE = YES_ERROR;
				CLANG_WARN_DOCUMENTATION_COMMENTS = YES;
				CLANG_WARN_EMPTY_BODY = YES;
				CLANG_WARN_ENUM_CONVERSION = YES;
				CLANG_WARN_INFINITE_RECURSION = YES;
				CLANG_WARN_INT_CONVERSION = YES;
				CLANG_WARN_NON_LITERAL_NULL_CONVERSION = YES;
				CLANG_WARN_OBJC_IMPLICIT_RETAIN_SELF = YES;
				CLANG_WARN_OBJC_LITERAL_CONVERSION = YES;
				CLANG_WARN_OBJC_ROOT_CLASS = YES_ERROR;
				CLANG_WARN_RANGE_LOOP_ANALYSIS = YES;
				CLANG_WARN_STRICT_PROTOTYPES = YES;
				CLANG_WARN_SUSPICIOUS_MOVE = YES;
				CLANG_WARN_UNGUARDED_AVAILABILITY = YES_AGGRESSIVE;
				CLANG_WARN_UNREACHABLE_CODE = YES;
				CLANG_WARN__DUPLICATE_METHOD_MATCH = YES;
				CODE_SIGN_IDENTITY = "iPhone Developer";
				COPY_PHASE_STRIP = NO;
				DEBUG_INFORMATION_FORMAT = "dwarf-with-dsym";
				ENABLE_NS_ASSERTIONS = NO;
				ENABLE_STRICT_OBJC_MSGSEND = YES;
				GCC_C_LANGUAGE_STANDARD = gnu11;
				GCC_NO_COMMON_BLOCKS = YES;
				GCC_WARN_64_TO_32_BIT_CONVERSION = YES;
				GCC_WARN_ABOUT_RETURN_TYPE = YES_ERROR;
				GCC_WARN_UNDECLARED_SELECTOR = YES;
				GCC_WARN_UNINITIALIZED_AUTOS = YES_AGGRESSIVE;
				GCC_WARN_UNUSED_FUNCTION = YES;
				GCC_WARN_UNUSED_VARIABLE = YES;
				IPHONEOS_DEPLOYMENT_TARGET = 12.1;
				MTL_ENABLE_DEBUG_INFO = NO;
				MTL_FAST_MATH = YES;
				SDKROOT = iphoneos;
				SWIFT_COMPILATION_MODE = wholemodule;
				SWIFT_OPTIMIZATION_LEVEL = "-O";
				VALIDATE_PRODUCT = YES;
			};
			name = Release;
		};
		7ADA41FC2212420F00B65694 /* Debug */ = {
			isa = XCBuildConfiguration;
			buildSettings = {
				ASSETCATALOG_COMPILER_APPICON_NAME = AppIcon;
				CODE_SIGN_STYLE = Automatic;
				DEVELOPMENT_TEAM = 36H4X297UC;
				INFOPLIST_FILE = "Average Calculator/Info.plist";
				LD_RUNPATH_SEARCH_PATHS = (
					"$(inherited)",
					"@executable_path/Frameworks",
				);
				PRODUCT_BUNDLE_IDENTIFIER = "com.jberry.Average-Calculator";
				PRODUCT_NAME = "$(TARGET_NAME)";
				SWIFT_VERSION = 4.2;
				TARGETED_DEVICE_FAMILY = "1,2";
			};
			name = Debug;
		};
		7ADA41FD2212420F00B65694 /* Release */ = {
			isa = XCBuildConfiguration;
			buildSettings = {
				ASSETCATALOG_COMPILER_APPICON_NAME = AppIcon;
				CODE_SIGN_STYLE = Automatic;
				DEVELOPMENT_TEAM = 36H4X297UC;
				INFOPLIST_FILE = "Average Calculator/Info.plist";
				LD_RUNPATH_SEARCH_PATHS = (
					"$(inherited)",
					"@executable_path/Frameworks",
				);
				PRODUCT_BUNDLE_IDENTIFIER = "com.jberry.Average-Calculator";
				PRODUCT_NAME = "$(TARGET_NAME)";
				SWIFT_VERSION = 4.2;
				TARGETED_DEVICE_FAMILY = "1,2";
			};
			name = Release;
		};
		7ADA41FF2212420F00B65694 /* Debug */ = {
			isa = XCBuildConfiguration;
			buildSettings = {
				ALWAYS_EMBED_SWIFT_STANDARD_LIBRARIES = YES;
				BUNDLE_LOADER = "$(TEST_HOST)";
				CODE_SIGN_STYLE = Automatic;
				DEVELOPMENT_TEAM = 36H4X297UC;
				INFOPLIST_FILE = "Average CalculatorTests/Info.plist";
				LD_RUNPATH_SEARCH_PATHS = (
					"$(inherited)",
					"@executable_path/Frameworks",
					"@loader_path/Frameworks",
				);
				PRODUCT_BUNDLE_IDENTIFIER = "com.jberry.Average-CalculatorTests";
				PRODUCT_NAME = "$(TARGET_NAME)";
				SWIFT_VERSION = 4.2;
				TARGETED_DEVICE_FAMILY = "1,2";
				TEST_HOST = "$(BUILT_PRODUCTS_DIR)/Average Calculator.app/Average Calculator";
			};
			name = Debug;
		};
		7ADA42002212420F00B65694 /* Release */ = {
			isa = XCBuildConfiguration;
			buildSettings = {
				ALWAYS_EMBED_SWIFT_STANDARD_LIBRARIES = YES;
				BUNDLE_LOADER = "$(TEST_HOST)";
				CODE_SIGN_STYLE = Automatic;
				DEVELOPMENT_TEAM = 36H4X297UC;
				INFOPLIST_FILE = "Average CalculatorTests/Info.plist";
				LD_RUNPATH_SEARCH_PATHS = (
					"$(inherited)",
					"@executable_path/Frameworks",
					"@loader_path/Frameworks",
				);
				PRODUCT_BUNDLE_IDENTIFIER = "com.jberry.Average-CalculatorTests";
				PRODUCT_NAME = "$(TARGET_NAME)";
				SWIFT_VERSION = 4.2;
				TARGETED_DEVICE_FAMILY = "1,2";
				TEST_HOST = "$(BUILT_PRODUCTS_DIR)/Average Calculator.app/Average Calculator";
			};
			name = Release;
		};
		7ADA42022212420F00B65694 /* Debug */ = {
			isa = XCBuildConfiguration;
			buildSettings = {
				ALWAYS_EMBED_SWIFT_STANDARD_LIBRARIES = YES;
				CODE_SIGN_STYLE = Automatic;
				DEVELOPMENT_TEAM = 36H4X297UC;
				INFOPLIST_FILE = "Average CalculatorUITests/Info.plist";
				LD_RUNPATH_SEARCH_PATHS = (
					"$(inherited)",
					"@executable_path/Frameworks",
					"@loader_path/Frameworks",
				);
				PRODUCT_BUNDLE_IDENTIFIER = "com.jberry.Average-CalculatorUITests";
				PRODUCT_NAME = "$(TARGET_NAME)";
				SWIFT_VERSION = 4.2;
				TARGETED_DEVICE_FAMILY = "1,2";
				TEST_TARGET_NAME = "Average Calculator";
			};
			name = Debug;
		};
		7ADA42032212420F00B65694 /* Release */ = {
			isa = XCBuildConfiguration;
			buildSettings = {
				ALWAYS_EMBED_SWIFT_STANDARD_LIBRARIES = YES;
				CODE_SIGN_STYLE = Automatic;
				DEVELOPMENT_TEAM = 36H4X297UC;
				INFOPLIST_FILE = "Average CalculatorUITests/Info.plist";
				LD_RUNPATH_SEARCH_PATHS = (
					"$(inherited)",
					"@executable_path/Frameworks",
					"@loader_path/Frameworks",
				);
				PRODUCT_BUNDLE_IDENTIFIER = "com.jberry.Average-CalculatorUITests";
				PRODUCT_NAME = "$(TARGET_NAME)";
				SWIFT_VERSION = 4.2;
				TARGETED_DEVICE_FAMILY = "1,2";
				TEST_TARGET_NAME = "Average Calculator";
			};
			name = Release;
		};
/* End XCBuildConfiguration section */

/* Begin XCConfigurationList section */
		7ADA41CE2212420E00B65694 /* Build configuration list for PBXProject "Average Calculator" */ = {
			isa = XCConfigurationList;
			buildConfigurations = (
				7ADA41F92212420F00B65694 /* Debug */,
				7ADA41FA2212420F00B65694 /* Release */,
			);
			defaultConfigurationIsVisible = 0;
			defaultConfigurationName = Release;
		};
		7ADA41FB2212420F00B65694 /* Build configuration list for PBXNativeTarget "Average Calculator" */ = {
			isa = XCConfigurationList;
			buildConfigurations = (
				7ADA41FC2212420F00B65694 /* Debug */,
				7ADA41FD2212420F00B65694 /* Release */,
			);
			defaultConfigurationIsVisible = 0;
			defaultConfigurationName = Release;
		};
		7ADA41FE2212420F00B65694 /* Build configuration list for PBXNativeTarget "Average CalculatorTests" */ = {
			isa = XCConfigurationList;
			buildConfigurations = (
				7ADA41FF2212420F00B65694 /* Debug */,
				7ADA42002212420F00B65694 /* Release */,
			);
			defaultConfigurationIsVisible = 0;
			defaultConfigurationName = Release;
		};
		7ADA42012212420F00B65694 /* Build configuration list for PBXNativeTarget "Average CalculatorUITests" */ = {
			isa = XCConfigurationList;
			buildConfigurations = (
				7ADA42022212420F00B65694 /* Debug */,
				7ADA42032212420F00B65694 /* Release */,
			);
			defaultConfigurationIsVisible = 0;
			defaultConfigurationName = Release;
		};
/* End XCConfigurationList section */
	};
	rootObject = 7ADA41CB2212420E00B65694 /* Project object */;
}
