// !$*UTF8*$!
{
	archiveVersion = 1;
	classes = {
	};
	objectVersion = 50;
	objects = {

/* Begin PBXBuildFile section */
		7A23DCE62213CC8E0087C261 /* AppDelegate.swift in Sources */ = {isa = PBXBuildFile; fileRef = 7A23DCE52213CC8D0087C261 /* AppDelegate.swift */; };
		7A23DCE82213CC8E0087C261 /* ViewController.swift in Sources */ = {isa = PBXBuildFile; fileRef = 7A23DCE72213CC8E0087C261 /* ViewController.swift */; };
		7A23DCEB2213CC8E0087C261 /* Main.storyboard in Resources */ = {isa = PBXBuildFile; fileRef = 7A23DCE92213CC8E0087C261 /* Main.storyboard */; };
		7A23DCED2213CC8E0087C261 /* Assets.xcassets in Resources */ = {isa = PBXBuildFile; fileRef = 7A23DCEC2213CC8E0087C261 /* Assets.xcassets */; };
		7A23DCF02213CC8E0087C261 /* LaunchScreen.storyboard in Resources */ = {isa = PBXBuildFile; fileRef = 7A23DCEE2213CC8E0087C261 /* LaunchScreen.storyboard */; };
		7A23DCFB2213CC8E0087C261 /* Compound_Interest_CalculatorTests.swift in Sources */ = {isa = PBXBuildFile; fileRef = 7A23DCFA2213CC8E0087C261 /* Compound_Interest_CalculatorTests.swift */; };
		7A23DD062213CC8E0087C261 /* Compound_Interest_CalculatorUITests.swift in Sources */ = {isa = PBXBuildFile; fileRef = 7A23DD052213CC8E0087C261 /* Compound_Interest_CalculatorUITests.swift */; };
/* End PBXBuildFile section */

/* Begin PBXContainerItemProxy section */
		7A23DCF72213CC8E0087C261 /* PBXContainerItemProxy */ = {
			isa = PBXContainerItemProxy;
			containerPortal = 7A23DCDA2213CC8D0087C261 /* Project object */;
			proxyType = 1;
			remoteGlobalIDString = 7A23DCE12213CC8D0087C261;
			remoteInfo = "Compound Interest Calculator";
		};
		7A23DD022213CC8E0087C261 /* PBXContainerItemProxy */ = {
			isa = PBXContainerItemProxy;
			containerPortal = 7A23DCDA2213CC8D0087C261 /* Project object */;
			proxyType = 1;
			remoteGlobalIDString = 7A23DCE12213CC8D0087C261;
			remoteInfo = "Compound Interest Calculator";
		};
/* End PBXContainerItemProxy section */

/* Begin PBXFileReference section */
		7A23DCE22213CC8D0087C261 /* Compound Interest Calculator.app */ = {isa = PBXFileReference; explicitFileType = wrapper.application; includeInIndex = 0; path = "Compound Interest Calculator.app"; sourceTree = BUILT_PRODUCTS_DIR; };
		7A23DCE52213CC8D0087C261 /* AppDelegate.swift */ = {isa = PBXFileReference; lastKnownFileType = sourcecode.swift; path = AppDelegate.swift; sourceTree = "<group>"; };
		7A23DCE72213CC8E0087C261 /* ViewController.swift */ = {isa = PBXFileReference; lastKnownFileType = sourcecode.swift; path = ViewController.swift; sourceTree = "<group>"; };
		7A23DCEA2213CC8E0087C261 /* Base */ = {isa = PBXFileReference; lastKnownFileType = file.storyboard; name = Base; path = Base.lproj/Main.storyboard; sourceTree = "<group>"; };
		7A23DCEC2213CC8E0087C261 /* Assets.xcassets */ = {isa = PBXFileReference; lastKnownFileType = folder.assetcatalog; path = Assets.xcassets; sourceTree = "<group>"; };
		7A23DCEF2213CC8E0087C261 /* Base */ = {isa = PBXFileReference; lastKnownFileType = file.storyboard; name = Base; path = Base.lproj/LaunchScreen.storyboard; sourceTree = "<group>"; };
		7A23DCF12213CC8E0087C261 /* Info.plist */ = {isa = PBXFileReference; lastKnownFileType = text.plist.xml; path = Info.plist; sourceTree = "<group>"; };
		7A23DCF62213CC8E0087C261 /* Compound Interest CalculatorTests.xctest */ = {isa = PBXFileReference; explicitFileType = wrapper.cfbundle; includeInIndex = 0; path = "Compound Interest CalculatorTests.xctest"; sourceTree = BUILT_PRODUCTS_DIR; };
		7A23DCFA2213CC8E0087C261 /* Compound_Interest_CalculatorTests.swift */ = {isa = PBXFileReference; lastKnownFileType = sourcecode.swift; path = Compound_Interest_CalculatorTests.swift; sourceTree = "<group>"; };
		7A23DCFC2213CC8E0087C261 /* Info.plist */ = {isa = PBXFileReference; lastKnownFileType = text.plist.xml; path = Info.plist; sourceTree = "<group>"; };
		7A23DD012213CC8E0087C261 /* Compound Interest CalculatorUITests.xctest */ = {isa = PBXFileReference; explicitFileType = wrapper.cfbundle; includeInIndex = 0; path = "Compound Interest CalculatorUITests.xctest"; sourceTree = BUILT_PRODUCTS_DIR; };
		7A23DD052213CC8E0087C261 /* Compound_Interest_CalculatorUITests.swift */ = {isa = PBXFileReference; lastKnownFileType = sourcecode.swift; path = Compound_Interest_CalculatorUITests.swift; sourceTree = "<group>"; };
		7A23DD072213CC8E0087C261 /* Info.plist */ = {isa = PBXFileReference; lastKnownFileType = text.plist.xml; path = Info.plist; sourceTree = "<group>"; };
/* End PBXFileReference section */

/* Begin PBXFrameworksBuildPhase section */
		7A23DCDF2213CC8D0087C261 /* Frameworks */ = {
			isa = PBXFrameworksBuildPhase;
			buildActionMask = 2147483647;
			files = (
			);
			runOnlyForDeploymentPostprocessing = 0;
		};
		7A23DCF32213CC8E0087C261 /* Frameworks */ = {
			isa = PBXFrameworksBuildPhase;
			buildActionMask = 2147483647;
			files = (
			);
			runOnlyForDeploymentPostprocessing = 0;
		};
		7A23DCFE2213CC8E0087C261 /* Frameworks */ = {
			isa = PBXFrameworksBuildPhase;
			buildActionMask = 2147483647;
			files = (
			);
			runOnlyForDeploymentPostprocessing = 0;
		};
/* End PBXFrameworksBuildPhase section */

/* Begin PBXGroup section */
		7A23DCD92213CC8D0087C261 = {
			isa = PBXGroup;
			children = (
				7A23DCE42213CC8D0087C261 /* Compound Interest Calculator */,
				7A23DCF92213CC8E0087C261 /* Compound Interest CalculatorTests */,
				7A23DD042213CC8E0087C261 /* Compound Interest CalculatorUITests */,
				7A23DCE32213CC8D0087C261 /* Products */,
			);
			sourceTree = "<group>";
		};
		7A23DCE32213CC8D0087C261 /* Products */ = {
			isa = PBXGroup;
			children = (
				7A23DCE22213CC8D0087C261 /* Compound Interest Calculator.app */,
				7A23DCF62213CC8E0087C261 /* Compound Interest CalculatorTests.xctest */,
				7A23DD012213CC8E0087C261 /* Compound Interest CalculatorUITests.xctest */,
			);
			name = Products;
			sourceTree = "<group>";
		};
		7A23DCE42213CC8D0087C261 /* Compound Interest Calculator */ = {
			isa = PBXGroup;
			children = (
				7A23DCE52213CC8D0087C261 /* AppDelegate.swift */,
				7A23DCE72213CC8E0087C261 /* ViewController.swift */,
				7A23DCE92213CC8E0087C261 /* Main.storyboard */,
				7A23DCEC2213CC8E0087C261 /* Assets.xcassets */,
				7A23DCEE2213CC8E0087C261 /* LaunchScreen.storyboard */,
				7A23DCF12213CC8E0087C261 /* Info.plist */,
			);
			path = "Compound Interest Calculator";
			sourceTree = "<group>";
		};
		7A23DCF92213CC8E0087C261 /* Compound Interest CalculatorTests */ = {
			isa = PBXGroup;
			children = (
				7A23DCFA2213CC8E0087C261 /* Compound_Interest_CalculatorTests.swift */,
				7A23DCFC2213CC8E0087C261 /* Info.plist */,
			);
			path = "Compound Interest CalculatorTests";
			sourceTree = "<group>";
		};
		7A23DD042213CC8E0087C261 /* Compound Interest CalculatorUITests */ = {
			isa = PBXGroup;
			children = (
				7A23DD052213CC8E0087C261 /* Compound_Interest_CalculatorUITests.swift */,
				7A23DD072213CC8E0087C261 /* Info.plist */,
			);
			path = "Compound Interest CalculatorUITests";
			sourceTree = "<group>";
		};
/* End PBXGroup section */

/* Begin PBXNativeTarget section */
		7A23DCE12213CC8D0087C261 /* Compound Interest Calculator */ = {
			isa = PBXNativeTarget;
			buildConfigurationList = 7A23DD0A2213CC8E0087C261 /* Build configuration list for PBXNativeTarget "Compound Interest Calculator" */;
			buildPhases = (
				7A23DCDE2213CC8D0087C261 /* Sources */,
				7A23DCDF2213CC8D0087C261 /* Frameworks */,
				7A23DCE02213CC8D0087C261 /* Resources */,
			);
			buildRules = (
			);
			dependencies = (
			);
			name = "Compound Interest Calculator";
			productName = "Compound Interest Calculator";
			productReference = 7A23DCE22213CC8D0087C261 /* Compound Interest Calculator.app */;
			productType = "com.apple.product-type.application";
		};
		7A23DCF52213CC8E0087C261 /* Compound Interest CalculatorTests */ = {
			isa = PBXNativeTarget;
			buildConfigurationList = 7A23DD0D2213CC8E0087C261 /* Build configuration list for PBXNativeTarget "Compound Interest CalculatorTests" */;
			buildPhases = (
				7A23DCF22213CC8E0087C261 /* Sources */,
				7A23DCF32213CC8E0087C261 /* Frameworks */,
				7A23DCF42213CC8E0087C261 /* Resources */,
			);
			buildRules = (
			);
			dependencies = (
				7A23DCF82213CC8E0087C261 /* PBXTargetDependency */,
			);
			name = "Compound Interest CalculatorTests";
			productName = "Compound Interest CalculatorTests";
			productReference = 7A23DCF62213CC8E0087C261 /* Compound Interest CalculatorTests.xctest */;
			productType = "com.apple.product-type.bundle.unit-test";
		};
		7A23DD002213CC8E0087C261 /* Compound Interest CalculatorUITests */ = {
			isa = PBXNativeTarget;
			buildConfigurationList = 7A23DD102213CC8E0087C261 /* Build configuration list for PBXNativeTarget "Compound Interest CalculatorUITests" */;
			buildPhases = (
				7A23DCFD2213CC8E0087C261 /* Sources */,
				7A23DCFE2213CC8E0087C261 /* Frameworks */,
				7A23DCFF2213CC8E0087C261 /* Resources */,
			);
			buildRules = (
			);
			dependencies = (
				7A23DD032213CC8E0087C261 /* PBXTargetDependency */,
			);
			name = "Compound Interest CalculatorUITests";
			productName = "Compound Interest CalculatorUITests";
			productReference = 7A23DD012213CC8E0087C261 /* Compound Interest CalculatorUITests.xctest */;
			productType = "com.apple.product-type.bundle.ui-testing";
		};
/* End PBXNativeTarget section */

/* Begin PBXProject section */
		7A23DCDA2213CC8D0087C261 /* Project object */ = {
			isa = PBXProject;
			attributes = {
				LastSwiftUpdateCheck = 1010;
				LastUpgradeCheck = 1010;
				ORGANIZATIONNAME = "Julie Berry";
				TargetAttributes = {
					7A23DCE12213CC8D0087C261 = {
						CreatedOnToolsVersion = 10.1;
					};
					7A23DCF52213CC8E0087C261 = {
						CreatedOnToolsVersion = 10.1;
						TestTargetID = 7A23DCE12213CC8D0087C261;
					};
					7A23DD002213CC8E0087C261 = {
						CreatedOnToolsVersion = 10.1;
						TestTargetID = 7A23DCE12213CC8D0087C261;
					};
				};
			};
			buildConfigurationList = 7A23DCDD2213CC8D0087C261 /* Build configuration list for PBXProject "Compound Interest Calculator" */;
			compatibilityVersion = "Xcode 9.3";
			developmentRegion = en;
			hasScannedForEncodings = 0;
			knownRegions = (
				en,
				Base,
			);
			mainGroup = 7A23DCD92213CC8D0087C261;
			productRefGroup = 7A23DCE32213CC8D0087C261 /* Products */;
			projectDirPath = "";
			projectRoot = "";
			targets = (
				7A23DCE12213CC8D0087C261 /* Compound Interest Calculator */,
				7A23DCF52213CC8E0087C261 /* Compound Interest CalculatorTests */,
				7A23DD002213CC8E0087C261 /* Compound Interest CalculatorUITests */,
			);
		};
/* End PBXProject section */

/* Begin PBXResourcesBuildPhase section */
		7A23DCE02213CC8D0087C261 /* Resources */ = {
			isa = PBXResourcesBuildPhase;
			buildActionMask = 2147483647;
			files = (
				7A23DCF02213CC8E0087C261 /* LaunchScreen.storyboard in Resources */,
				7A23DCED2213CC8E0087C261 /* Assets.xcassets in Resources */,
				7A23DCEB2213CC8E0087C261 /* Main.storyboard in Resources */,
			);
			runOnlyForDeploymentPostprocessing = 0;
		};
		7A23DCF42213CC8E0087C261 /* Resources */ = {
			isa = PBXResourcesBuildPhase;
			buildActionMask = 2147483647;
			files = (
			);
			runOnlyForDeploymentPostprocessing = 0;
		};
		7A23DCFF2213CC8E0087C261 /* Resources */ = {
			isa = PBXResourcesBuildPhase;
			buildActionMask = 2147483647;
			files = (
			);
			runOnlyForDeploymentPostprocessing = 0;
		};
/* End PBXResourcesBuildPhase section */

/* Begin PBXSourcesBuildPhase section */
		7A23DCDE2213CC8D0087C261 /* Sources */ = {
			isa = PBXSourcesBuildPhase;
			buildActionMask = 2147483647;
			files = (
				7A23DCE82213CC8E0087C261 /* ViewController.swift in Sources */,
				7A23DCE62213CC8E0087C261 /* AppDelegate.swift in Sources */,
			);
			runOnlyForDeploymentPostprocessing = 0;
		};
		7A23DCF22213CC8E0087C261 /* Sources */ = {
			isa = PBXSourcesBuildPhase;
			buildActionMask = 2147483647;
			files = (
				7A23DCFB2213CC8E0087C261 /* Compound_Interest_CalculatorTests.swift in Sources */,
			);
			runOnlyForDeploymentPostprocessing = 0;
		};
		7A23DCFD2213CC8E0087C261 /* Sources */ = {
			isa = PBXSourcesBuildPhase;
			buildActionMask = 2147483647;
			files = (
				7A23DD062213CC8E0087C261 /* Compound_Interest_CalculatorUITests.swift in Sources */,
			);
			runOnlyForDeploymentPostprocessing = 0;
		};
/* End PBXSourcesBuildPhase section */

/* Begin PBXTargetDependency section */
		7A23DCF82213CC8E0087C261 /* PBXTargetDependency */ = {
			isa = PBXTargetDependency;
			target = 7A23DCE12213CC8D0087C261 /* Compound Interest Calculator */;
			targetProxy = 7A23DCF72213CC8E0087C261 /* PBXContainerItemProxy */;
		};
		7A23DD032213CC8E0087C261 /* PBXTargetDependency */ = {
			isa = PBXTargetDependency;
			target = 7A23DCE12213CC8D0087C261 /* Compound Interest Calculator */;
			targetProxy = 7A23DD022213CC8E0087C261 /* PBXContainerItemProxy */;
		};
/* End PBXTargetDependency section */

/* Begin PBXVariantGroup section */
		7A23DCE92213CC8E0087C261 /* Main.storyboard */ = {
			isa = PBXVariantGroup;
			children = (
				7A23DCEA2213CC8E0087C261 /* Base */,
			);
			name = Main.storyboard;
			sourceTree = "<group>";
		};
		7A23DCEE2213CC8E0087C261 /* LaunchScreen.storyboard */ = {
			isa = PBXVariantGroup;
			children = (
				7A23DCEF2213CC8E0087C261 /* Base */,
			);
			name = LaunchScreen.storyboard;
			sourceTree = "<group>";
		};
/* End PBXVariantGroup section */

/* Begin XCBuildConfiguration section */
		7A23DD082213CC8E0087C261 /* Debug */ = {
			isa = XCBuildConfiguration;
			buildSettings = {
				ALWAYS_SEARCH_USER_PATHS = NO;
				CLANG_ANALYZER_NONNULL = YES;
				CLANG_ANALYZER_NUMBER_OBJECT_CONVERSION = YES_AGGRESSIVE;
				CLANG_CXX_LANGUAGE_STANDARD = "gnu++14";
				CLANG_CXX_LIBRARY = "libc++";
				CLANG_ENABLE_MODULES = YES;
				CLANG_ENABLE_OBJC_ARC = YES;
				CLANG_ENABLE_OBJC_WEAK = YES;
				CLANG_WARN_BLOCK_CAPTURE_AUTORELEASING = YES;
				CLANG_WARN_BOOL_CONVERSION = YES;
				CLANG_WARN_COMMA = YES;
				CLANG_WARN_CONSTANT_CONVERSION = YES;
				CLANG_WARN_DEPRECATED_OBJC_IMPLEMENTATIONS = YES;
				CLANG_WARN_DIRECT_OBJC_ISA_USAGE = YES_ERROR;
				CLANG_WARN_DOCUMENTATION_COMMENTS = YES;
				CLANG_WARN_EMPTY_BODY = YES;
				CLANG_WARN_ENUM_CONVERSION = YES;
				CLANG_WARN_INFINITE_RECURSION = YES;
				CLANG_WARN_INT_CONVERSION = YES;
				CLANG_WARN_NON_LITERAL_NULL_CONVERSION = YES;
				CLANG_WARN_OBJC_IMPLICIT_RETAIN_SELF = YES;
				CLANG_WARN_OBJC_LITERAL_CONVERSION = YES;
				CLANG_WARN_OBJC_ROOT_CLASS = YES_ERROR;
				CLANG_WARN_RANGE_LOOP_ANALYSIS = YES;
				CLANG_WARN_STRICT_PROTOTYPES = YES;
				CLANG_WARN_SUSPICIOUS_MOVE = YES;
				CLANG_WARN_UNGUARDED_AVAILABILITY = YES_AGGRESSIVE;
				CLANG_WARN_UNREACHABLE_CODE = YES;
				CLANG_WARN__DUPLICATE_METHOD_MATCH = YES;
				CODE_SIGN_IDENTITY = "iPhone Developer";
				COPY_PHASE_STRIP = NO;
				DEBUG_INFORMATION_FORMAT = dwarf;
				ENABLE_STRICT_OBJC_MSGSEND = YES;
				ENABLE_TESTABILITY = YES;
				GCC_C_LANGUAGE_STANDARD = gnu11;
				GCC_DYNAMIC_NO_PIC = NO;
				GCC_NO_COMMON_BLOCKS = YES;
				GCC_OPTIMIZATION_LEVEL = 0;
				GCC_PREPROCESSOR_DEFINITIONS = (
					"DEBUG=1",
					"$(inherited)",
				);
				GCC_WARN_64_TO_32_BIT_CONVERSION = YES;
				GCC_WARN_ABOUT_RETURN_TYPE = YES_ERROR;
				GCC_WARN_UNDECLARED_SELECTOR = YES;
				GCC_WARN_UNINITIALIZED_AUTOS = YES_AGGRESSIVE;
				GCC_WARN_UNUSED_FUNCTION = YES;
				GCC_WARN_UNUSED_VARIABLE = YES;
				IPHONEOS_DEPLOYMENT_TARGET = 12.1;
				MTL_ENABLE_DEBUG_INFO = INCLUDE_SOURCE;
				MTL_FAST_MATH = YES;
				ONLY_ACTIVE_ARCH = YES;
				SDKROOT = iphoneos;
				SWIFT_ACTIVE_COMPILATION_CONDITIONS = DEBUG;
				SWIFT_OPTIMIZATION_LEVEL = "-Onone";
			};
			name = Debug;
		};
		7A23DD092213CC8E0087C261 /* Release */ = {
			isa = XCBuildConfiguration;
			buildSettings = {
				ALWAYS_SEARCH_USER_PATHS = NO;
				CLANG_ANALYZER_NONNULL = YES;
				CLANG_ANALYZER_NUMBER_OBJECT_CONVERSION = YES_AGGRESSIVE;
				CLANG_CXX_LANGUAGE_STANDARD = "gnu++14";
				CLANG_CXX_LIBRARY = "libc++";
				CLANG_ENABLE_MODULES = YES;
				CLANG_ENABLE_OBJC_ARC = YES;
				CLANG_ENABLE_OBJC_WEAK = YES;
				CLANG_WARN_BLOCK_CAPTURE_AUTORELEASING = YES;
				CLANG_WARN_BOOL_CONVERSION = YES;
				CLANG_WARN_COMMA = YES;
				CLANG_WARN_CONSTANT_CONVERSION = YES;
				CLANG_WARN_DEPRECATED_OBJC_IMPLEMENTATIONS = YES;
				CLANG_WARN_DIRECT_OBJC_ISA_USAGE = YES_ERROR;
				CLANG_WARN_DOCUMENTATION_COMMENTS = YES;
				CLANG_WARN_EMPTY_BODY = YES;
				CLANG_WARN_ENUM_CONVERSION = YES;
				CLANG_WARN_INFINITE_RECURSION = YES;
				CLANG_WARN_INT_CONVERSION = YES;
				CLANG_WARN_NON_LITERAL_NULL_CONVERSION = YES;
				CLANG_WARN_OBJC_IMPLICIT_RETAIN_SELF = YES;
				CLANG_WARN_OBJC_LITERAL_CONVERSION = YES;
				CLANG_WARN_OBJC_ROOT_CLASS = YES_ERROR;
				CLANG_WARN_RANGE_LOOP_ANALYSIS = YES;
				CLANG_WARN_STRICT_PROTOTYPES = YES;
				CLANG_WARN_SUSPICIOUS_MOVE = YES;
				CLANG_WARN_UNGUARDED_AVAILABILITY = YES_AGGRESSIVE;
				CLANG_WARN_UNREACHABLE_CODE = YES;
				CLANG_WARN__DUPLICATE_METHOD_MATCH = YES;
				CODE_SIGN_IDENTITY = "iPhone Developer";
				COPY_PHASE_STRIP = NO;
				DEBUG_INFORMATION_FORMAT = "dwarf-with-dsym";
				ENABLE_NS_ASSERTIONS = NO;
				ENABLE_STRICT_OBJC_MSGSEND = YES;
				GCC_C_LANGUAGE_STANDARD = gnu11;
				GCC_NO_COMMON_BLOCKS = YES;
				GCC_WARN_64_TO_32_BIT_CONVERSION = YES;
				GCC_WARN_ABOUT_RETURN_TYPE = YES_ERROR;
				GCC_WARN_UNDECLARED_SELECTOR = YES;
				GCC_WARN_UNINITIALIZED_AUTOS = YES_AGGRESSIVE;
				GCC_WARN_UNUSED_FUNCTION = YES;
				GCC_WARN_UNUSED_VARIABLE = YES;
				IPHONEOS_DEPLOYMENT_TARGET = 12.1;
				MTL_ENABLE_DEBUG_INFO = NO;
				MTL_FAST_MATH = YES;
				SDKROOT = iphoneos;
				SWIFT_COMPILATION_MODE = wholemodule;
				SWIFT_OPTIMIZATION_LEVEL = "-O";
				VALIDATE_PRODUCT = YES;
			};
			name = Release;
		};
		7A23DD0B2213CC8E0087C261 /* Debug */ = {
			isa = XCBuildConfiguration;
			buildSettings = {
				ASSETCATALOG_COMPILER_APPICON_NAME = AppIcon;
				CODE_SIGN_STYLE = Automatic;
				DEVELOPMENT_TEAM = 36H4X297UC;
				INFOPLIST_FILE = "Compound Interest Calculator/Info.plist";
				LD_RUNPATH_SEARCH_PATHS = (
					"$(inherited)",
					"@executable_path/Frameworks",
				);
				PRODUCT_BUNDLE_IDENTIFIER = "com.jberry.Compound-Interest-Calculator";
				PRODUCT_NAME = "$(TARGET_NAME)";
				SWIFT_VERSION = 4.2;
				TARGETED_DEVICE_FAMILY = "1,2";
			};
			name = Debug;
		};
		7A23DD0C2213CC8E0087C261 /* Release */ = {
			isa = XCBuildConfiguration;
			buildSettings = {
				ASSETCATALOG_COMPILER_APPICON_NAME = AppIcon;
				CODE_SIGN_STYLE = Automatic;
				DEVELOPMENT_TEAM = 36H4X297UC;
				INFOPLIST_FILE = "Compound Interest Calculator/Info.plist";
				LD_RUNPATH_SEARCH_PATHS = (
					"$(inherited)",
					"@executable_path/Frameworks",
				);
				PRODUCT_BUNDLE_IDENTIFIER = "com.jberry.Compound-Interest-Calculator";
				PRODUCT_NAME = "$(TARGET_NAME)";
				SWIFT_VERSION = 4.2;
				TARGETED_DEVICE_FAMILY = "1,2";
			};
			name = Release;
		};
		7A23DD0E2213CC8E0087C261 /* Debug */ = {
			isa = XCBuildConfiguration;
			buildSettings = {
				ALWAYS_EMBED_SWIFT_STANDARD_LIBRARIES = YES;
				BUNDLE_LOADER = "$(TEST_HOST)";
				CODE_SIGN_STYLE = Automatic;
				DEVELOPMENT_TEAM = 36H4X297UC;
				INFOPLIST_FILE = "Compound Interest CalculatorTests/Info.plist";
				LD_RUNPATH_SEARCH_PATHS = (
					"$(inherited)",
					"@executable_path/Frameworks",
					"@loader_path/Frameworks",
				);
				PRODUCT_BUNDLE_IDENTIFIER = "com.jberry.Compound-Interest-CalculatorTests";
				PRODUCT_NAME = "$(TARGET_NAME)";
				SWIFT_VERSION = 4.2;
				TARGETED_DEVICE_FAMILY = "1,2";
				TEST_HOST = "$(BUILT_PRODUCTS_DIR)/Compound Interest Calculator.app/Compound Interest Calculator";
			};
			name = Debug;
		};
		7A23DD0F2213CC8E0087C261 /* Release */ = {
			isa = XCBuildConfiguration;
			buildSettings = {
				ALWAYS_EMBED_SWIFT_STANDARD_LIBRARIES = YES;
				BUNDLE_LOADER = "$(TEST_HOST)";
				CODE_SIGN_STYLE = Automatic;
				DEVELOPMENT_TEAM = 36H4X297UC;
				INFOPLIST_FILE = "Compound Interest CalculatorTests/Info.plist";
				LD_RUNPATH_SEARCH_PATHS = (
					"$(inherited)",
					"@executable_path/Frameworks",
					"@loader_path/Frameworks",
				);
				PRODUCT_BUNDLE_IDENTIFIER = "com.jberry.Compound-Interest-CalculatorTests";
				PRODUCT_NAME = "$(TARGET_NAME)";
				SWIFT_VERSION = 4.2;
				TARGETED_DEVICE_FAMILY = "1,2";
				TEST_HOST = "$(BUILT_PRODUCTS_DIR)/Compound Interest Calculator.app/Compound Interest Calculator";
			};
			name = Release;
		};
		7A23DD112213CC8E0087C261 /* Debug */ = {
			isa = XCBuildConfiguration;
			buildSettings = {
				ALWAYS_EMBED_SWIFT_STANDARD_LIBRARIES = YES;
				CODE_SIGN_STYLE = Automatic;
				DEVELOPMENT_TEAM = 36H4X297UC;
				INFOPLIST_FILE = "Compound Interest CalculatorUITests/Info.plist";
				LD_RUNPATH_SEARCH_PATHS = (
					"$(inherited)",
					"@executable_path/Frameworks",
					"@loader_path/Frameworks",
				);
				PRODUCT_BUNDLE_IDENTIFIER = "com.jberry.Compound-Interest-CalculatorUITests";
				PRODUCT_NAME = "$(TARGET_NAME)";
				SWIFT_VERSION = 4.2;
				TARGETED_DEVICE_FAMILY = "1,2";
				TEST_TARGET_NAME = "Compound Interest Calculator";
			};
			name = Debug;
		};
		7A23DD122213CC8E0087C261 /* Release */ = {
			isa = XCBuildConfiguration;
			buildSettings = {
				ALWAYS_EMBED_SWIFT_STANDARD_LIBRARIES = YES;
				CODE_SIGN_STYLE = Automatic;
				DEVELOPMENT_TEAM = 36H4X297UC;
				INFOPLIST_FILE = "Compound Interest CalculatorUITests/Info.plist";
				LD_RUNPATH_SEARCH_PATHS = (
					"$(inherited)",
					"@executable_path/Frameworks",
					"@loader_path/Frameworks",
				);
				PRODUCT_BUNDLE_IDENTIFIER = "com.jberry.Compound-Interest-CalculatorUITests";
				PRODUCT_NAME = "$(TARGET_NAME)";
				SWIFT_VERSION = 4.2;
				TARGETED_DEVICE_FAMILY = "1,2";
				TEST_TARGET_NAME = "Compound Interest Calculator";
			};
			name = Release;
		};
/* End XCBuildConfiguration section */

/* Begin XCConfigurationList section */
		7A23DCDD2213CC8D0087C261 /* Build configuration list for PBXProject "Compound Interest Calculator" */ = {
			isa = XCConfigurationList;
			buildConfigurations = (
				7A23DD082213CC8E0087C261 /* Debug */,
				7A23DD092213CC8E0087C261 /* Release */,
			);
			defaultConfigurationIsVisible = 0;
			defaultConfigurationName = Release;
		};
		7A23DD0A2213CC8E0087C261 /* Build configuration list for PBXNativeTarget "Compound Interest Calculator" */ = {
			isa = XCConfigurationList;
			buildConfigurations = (
				7A23DD0B2213CC8E0087C261 /* Debug */,
				7A23DD0C2213CC8E0087C261 /* Release */,
			);
			defaultConfigurationIsVisible = 0;
			defaultConfigurationName = Release;
		};
		7A23DD0D2213CC8E0087C261 /* Build configuration list for PBXNativeTarget "Compound Interest CalculatorTests" */ = {
			isa = XCConfigurationList;
			buildConfigurations = (
				7A23DD0E2213CC8E0087C261 /* Debug */,
				7A23DD0F2213CC8E0087C261 /* Release */,
			);
			defaultConfigurationIsVisible = 0;
			defaultConfigurationName = Release;
		};
		7A23DD102213CC8E0087C261 /* Build configuration list for PBXNativeTarget "Compound Interest CalculatorUITests" */ = {
			isa = XCConfigurationList;
			buildConfigurations = (
				7A23DD112213CC8E0087C261 /* Debug */,
				7A23DD122213CC8E0087C261 /* Release */,
			);
			defaultConfigurationIsVisible = 0;
			defaultConfigurationName = Release;
		};
/* End XCConfigurationList section */
	};
	rootObject = 7A23DCDA2213CC8D0087C261 /* Project object */;
}
